PODS:
  - DesignKit (1.0.0)
  - RxSwift (6.5.0)
  - SwiftLint (0.48.0)

DEPENDENCIES:
  - DesignKit (from `./Frameworks/DesignKit`)
  - RxSwift
  - SwiftLint

SPEC REPOS:
  trunk:
    - RxSwift
    - SwiftLint

EXTERNAL SOURCES:
  DesignKit:
    :path: "./Frameworks/DesignKit"

SPEC CHECKSUMS:
  DesignKit: 2538711c55dd9588c021a1346b8f1a1b96328a8a
  RxSwift: 5710a9e6b17f3c3d6e40d6e559b9fa1e813b2ef8
  SwiftLint: 284cea64b6187c5d6bd83e9a548a64104d546447

PODFILE CHECKSUM: 0014b629f02332b337de66a7c431238af2d1ba46

COCOAPODS: 1.11.3
