// !$*UTF8*$!
{
	archiveVersion = 1;
	classes = {
	};
	objectVersion = 55;
	objects = {

/* Begin PBXBuildFile section */
		0D697A7E28F5180800C7CD67 /* MomentsTimelineViewModelTests.swift in Sources */ = {isa = PBXBuildFile; fileRef = 0D697A6C28F5180800C7CD67 /* MomentsTimelineViewModelTests.swift */; };
		0D697A7F28F5180800C7CD67 /* UserProfileListItemViewModelTests.swift in Sources */ = {isa = PBXBuildFile; fileRef = 0D697A6D28F5180800C7CD67 /* UserProfileListItemViewModelTests.swift */; };
		0D697A8028F5180800C7CD67 /* MomentListItemViewModelTests.swift in Sources */ = {isa = PBXBuildFile; fileRef = 0D697A6E28F5180800C7CD67 /* MomentListItemViewModelTests.swift */; };
		0D697A8128F5180800C7CD67 /* UpdateMomentLikeSessionTests.swift in Sources */ = {isa = PBXBuildFile; fileRef = 0D697A7028F5180800C7CD67 /* UpdateMomentLikeSessionTests.swift */; };
		0D697A8228F5180800C7CD67 /* GetMomentsByUserIDSessionTests.swift in Sources */ = {isa = PBXBuildFile; fileRef = 0D697A7128F5180800C7CD67 /* GetMomentsByUserIDSessionTests.swift */; };
		0D697A8328F5180800C7CD67 /* MomentsRepoTests.swift in Sources */ = {isa = PBXBuildFile; fileRef = 0D697A7328F5180800C7CD67 /* MomentsRepoTests.swift */; };
		0D697A8428F5180800C7CD67 /* UnlikeActionTrackingEventTests.swift in Sources */ = {isa = PBXBuildFile; fileRef = 0D697A7528F5180800C7CD67 /* UnlikeActionTrackingEventTests.swift */; };
		0D697A8528F5180800C7CD67 /* LikeActionTrackingEventTests.swift in Sources */ = {isa = PBXBuildFile; fileRef = 0D697A7628F5180800C7CD67 /* LikeActionTrackingEventTests.swift */; };
		0D697A8628F5180800C7CD67 /* TestFixture.swift in Sources */ = {isa = PBXBuildFile; fileRef = 0D697A7828F5180800C7CD67 /* TestFixture.swift */; };
		0D697A8728F5180800C7CD67 /* MockError.swift in Sources */ = {isa = PBXBuildFile; fileRef = 0D697A7928F5180800C7CD67 /* MockError.swift */; };
		0D697A8828F5180800C7CD67 /* MockTrackingRepo.swift in Sources */ = {isa = PBXBuildFile; fileRef = 0D697A7A28F5180800C7CD67 /* MockTrackingRepo.swift */; };
		0D697A8928F5180800C7CD67 /* TestObserver.swift in Sources */ = {isa = PBXBuildFile; fileRef = 0D697A7B28F5180800C7CD67 /* TestObserver.swift */; };
		0D697A8A28F5180800C7CD67 /* MockNow.swift in Sources */ = {isa = PBXBuildFile; fileRef = 0D697A7C28F5180800C7CD67 /* MockNow.swift */; };
		0D697A8B28F5180800C7CD67 /* EquatableViaDump.swift in Sources */ = {isa = PBXBuildFile; fileRef = 0D697A7D28F5180800C7CD67 /* EquatableViaDump.swift */; };
		0D697B0B28F5413F00C7CD67 /* UserProfileListItemViewModel.swift in Sources */ = {isa = PBXBuildFile; fileRef = 0D697AA028F5413E00C7CD67 /* UserProfileListItemViewModel.swift */; };
		0D697B0C28F5413F00C7CD67 /* MomentsTimelineViewModel.swift in Sources */ = {isa = PBXBuildFile; fileRef = 0D697AA128F5413E00C7CD67 /* MomentsTimelineViewModel.swift */; };
		0D697B0D28F5413F00C7CD67 /* MomentListItemViewModel.swift in Sources */ = {isa = PBXBuildFile; fileRef = 0D697AA228F5413E00C7CD67 /* MomentListItemViewModel.swift */; };
		0D697B0E28F5413F00C7CD67 /* GetMomentsByUserIDSession.swift in Sources */ = {isa = PBXBuildFile; fileRef = 0D697AA428F5413E00C7CD67 /* GetMomentsByUserIDSession.swift */; };
		0D697B0F28F5413F00C7CD67 /* UpdateMomentLikeSession.swift in Sources */ = {isa = PBXBuildFile; fileRef = 0D697AA528F5413E00C7CD67 /* UpdateMomentLikeSession.swift */; };
		0D697B1028F5413F00C7CD67 /* MomentsRepo.swift in Sources */ = {isa = PBXBuildFile; fileRef = 0D697AA728F5413E00C7CD67 /* MomentsRepo.swift */; };
		0D697B1128F5413F00C7CD67 /* MomentsDetails.swift in Sources */ = {isa = PBXBuildFile; fileRef = 0D697AA928F5413E00C7CD67 /* MomentsDetails.swift */; };
		0D697B1228F5413F00C7CD67 /* MomentsTimelineViewController.swift in Sources */ = {isa = PBXBuildFile; fileRef = 0D697AAB28F5413E00C7CD67 /* MomentsTimelineViewController.swift */; };
		0D697B1328F5413F00C7CD67 /* MomentListItemView.swift in Sources */ = {isa = PBXBuildFile; fileRef = 0D697AAC28F5413E00C7CD67 /* MomentListItemView.swift */; };
		0D697B1428F5413F00C7CD67 /* UserProfileListItemView.swift in Sources */ = {isa = PBXBuildFile; fileRef = 0D697AAD28F5413E00C7CD67 /* UserProfileListItemView.swift */; };
		0D697B1528F5413F00C7CD67 /* UnlikeActionTrackingEvent.swift in Sources */ = {isa = PBXBuildFile; fileRef = 0D697AAF28F5413E00C7CD67 /* UnlikeActionTrackingEvent.swift */; };
		0D697B1628F5413F00C7CD67 /* LikeActionTrackingEvent.swift in Sources */ = {isa = PBXBuildFile; fileRef = 0D697AB028F5413E00C7CD67 /* LikeActionTrackingEvent.swift */; };
		0D697B1728F5413F00C7CD67 /* InternalMenuDesignKitDemoItemViewModel.swift in Sources */ = {isa = PBXBuildFile; fileRef = 0D697AB328F5413E00C7CD67 /* InternalMenuDesignKitDemoItemViewModel.swift */; };
		0D697B1828F5413F00C7CD67 /* InternalMenuItemViewModel.swift in Sources */ = {isa = PBXBuildFile; fileRef = 0D697AB428F5413E00C7CD67 /* InternalMenuItemViewModel.swift */; };
		0D697B1928F5413F00C7CD67 /* InternalMenuDescriptionItemViewModel.swift in Sources */ = {isa = PBXBuildFile; fileRef = 0D697AB528F5413E00C7CD67 /* InternalMenuDescriptionItemViewModel.swift */; };
		0D697B1A28F5413F00C7CD67 /* InternalMenuFeatureToggleItemViewModel.swift in Sources */ = {isa = PBXBuildFile; fileRef = 0D697AB628F5413E00C7CD67 /* InternalMenuFeatureToggleItemViewModel.swift */; };
		0D697B1B28F5413F00C7CD67 /* InternalMenuSection.swift in Sources */ = {isa = PBXBuildFile; fileRef = 0D697AB728F5413E00C7CD67 /* InternalMenuSection.swift */; };
		0D697B1C28F5413F00C7CD67 /* InternalMenuViewModel.swift in Sources */ = {isa = PBXBuildFile; fileRef = 0D697AB828F5413E00C7CD67 /* InternalMenuViewModel.swift */; };
		0D697B1D28F5413F00C7CD67 /* InternalMenuCrashAppItemViewModel.swift in Sources */ = {isa = PBXBuildFile; fileRef = 0D697AB928F5413E00C7CD67 /* InternalMenuCrashAppItemViewModel.swift */; };
		0D697B1E28F5413F00C7CD67 /* InternalMenuActionTriggerItemViewModel.swift in Sources */ = {isa = PBXBuildFile; fileRef = 0D697ABA28F5413E00C7CD67 /* InternalMenuActionTriggerItemViewModel.swift */; };
		0D697B1F28F5413F00C7CD67 /* InternalMenuNavigator.swift in Sources */ = {isa = PBXBuildFile; fileRef = 0D697ABC28F5413E00C7CD67 /* InternalMenuNavigator.swift */; };
		0D697B2028F5413F00C7CD67 /* DesignKitDemoNavigator.swift in Sources */ = {isa = PBXBuildFile; fileRef = 0D697ABD28F5413E00C7CD67 /* DesignKitDemoNavigator.swift */; };
		0D697B2128F5413F00C7CD67 /* InternalMenuCellType.swift in Sources */ = {isa = PBXBuildFile; fileRef = 0D697ABF28F5413E00C7CD67 /* InternalMenuCellType.swift */; };
		0D697B2228F5413F00C7CD67 /* InternalMenuViewController.swift in Sources */ = {isa = PBXBuildFile; fileRef = 0D697AC028F5413E00C7CD67 /* InternalMenuViewController.swift */; };
		0D697B2328F5413F00C7CD67 /* InternalMenuDescriptionCell.swift in Sources */ = {isa = PBXBuildFile; fileRef = 0D697AC128F5413E00C7CD67 /* InternalMenuDescriptionCell.swift */; };
		0D697B2428F5413F00C7CD67 /* DesignKitDemoViewController.swift in Sources */ = {isa = PBXBuildFile; fileRef = 0D697AC228F5413E00C7CD67 /* DesignKitDemoViewController.swift */; };
		0D697B2528F5413F00C7CD67 /* InternalMenuFeatureToggleCell.swift in Sources */ = {isa = PBXBuildFile; fileRef = 0D697AC328F5413E00C7CD67 /* InternalMenuFeatureToggleCell.swift */; };
		0D697B2628F5413F00C7CD67 /* InternalMenuActionTriggerCell.swift in Sources */ = {isa = PBXBuildFile; fileRef = 0D697AC428F5413E00C7CD67 /* InternalMenuActionTriggerCell.swift */; };
		0D697B2728F5413F00C7CD67 /* UserDataStoreObservableObject.swift in Sources */ = {isa = PBXBuildFile; fileRef = 0D697AC728F5413E00C7CD67 /* UserDataStoreObservableObject.swift */; };
		0D697B2828F5413F00C7CD67 /* MomentsListObservableObject.swift in Sources */ = {isa = PBXBuildFile; fileRef = 0D697AC828F5413E00C7CD67 /* MomentsListObservableObject.swift */; };
		0D697B2928F5413F00C7CD67 /* SwiftUIMomentsListItemView.swift in Sources */ = {isa = PBXBuildFile; fileRef = 0D697ACA28F5413E00C7CD67 /* SwiftUIMomentsListItemView.swift */; };
		0D697B2A28F5413F00C7CD67 /* BlurView.swift in Sources */ = {isa = PBXBuildFile; fileRef = 0D697ACB28F5413E00C7CD67 /* BlurView.swift */; };
		0D697B2B28F5413F00C7CD67 /* SwiftUIMomentListItemView.swift in Sources */ = {isa = PBXBuildFile; fileRef = 0D697ACC28F5413E00C7CD67 /* SwiftUIMomentListItemView.swift */; };
		0D697B2C28F5413F00C7CD67 /* SwiftUIMomentsTimelineView.swift in Sources */ = {isa = PBXBuildFile; fileRef = 0D697ACD28F5413E00C7CD67 /* SwiftUIMomentsTimelineView.swift */; };
		0D697B2D28F5413F00C7CD67 /* SwiftUIUserProfileListItemView.swift in Sources */ = {isa = PBXBuildFile; fileRef = 0D697ACE28F5413E00C7CD67 /* SwiftUIUserProfileListItemView.swift */; };
		0D697B2E28F5413F00C7CD67 /* ListViewModel.swift in Sources */ = {isa = PBXBuildFile; fileRef = 0D697AD128F5413E00C7CD67 /* ListViewModel.swift */; };
		0D697B2F28F5413F00C7CD67 /* ListItemViewModel.swift in Sources */ = {isa = PBXBuildFile; fileRef = 0D697AD228F5413E00C7CD67 /* ListItemViewModel.swift */; };
		0D697B3028F5413F00C7CD67 /* RelativeDateTimeFormatterType.swift in Sources */ = {isa = PBXBuildFile; fileRef = 0D697AD428F5413E00C7CD67 /* RelativeDateTimeFormatterType.swift */; };
		0D697B3128F5413F00C7CD67 /* APISession.swift in Sources */ = {isa = PBXBuildFile; fileRef = 0D697AD628F5413E00C7CD67 /* APISession.swift */; };
		0D697B3228F5413F00C7CD67 /* API.swift in Sources */ = {isa = PBXBuildFile; fileRef = 0D697AD728F5413E00C7CD67 /* API.swift */; };
		0D697B3328F5413F00C7CD67 /* ABTestProvider.swift in Sources */ = {isa = PBXBuildFile; fileRef = 0D697AD928F5413E00C7CD67 /* ABTestProvider.swift */; };
		0D697B3428F5413F00C7CD67 /* FirebaseABTestProvider.swift in Sources */ = {isa = PBXBuildFile; fileRef = 0D697ADA28F5413E00C7CD67 /* FirebaseABTestProvider.swift */; };
		0D697B3528F5413F00C7CD67 /* RemoteConfigProvider.swift in Sources */ = {isa = PBXBuildFile; fileRef = 0D697ADC28F5413E00C7CD67 /* RemoteConfigProvider.swift */; };
		0D697B3628F5413F00C7CD67 /* FirebaseRemoteConfigProvider.swift in Sources */ = {isa = PBXBuildFile; fileRef = 0D697ADD28F5413E00C7CD67 /* FirebaseRemoteConfigProvider.swift */; };
		0D697B3728F5413F00C7CD67 /* FirebaseRemoteConfigDefaults.plist in Resources */ = {isa = PBXBuildFile; fileRef = 0D697ADE28F5413E00C7CD67 /* FirebaseRemoteConfigDefaults.plist */; };
		0D697B3828F5413F00C7CD67 /* DebuggingUltils.swift in Sources */ = {isa = PBXBuildFile; fileRef = 0D697AE028F5413E00C7CD67 /* DebuggingUltils.swift */; };
		0D697B3928F5413F00C7CD67 /* UIApplicationExtensions.swift in Sources */ = {isa = PBXBuildFile; fileRef = 0D697AE228F5413E00C7CD67 /* UIApplicationExtensions.swift */; };
		0D697B3A28F5413F00C7CD67 /* Functions.swift in Sources */ = {isa = PBXBuildFile; fileRef = 0D697AE428F5413F00C7CD67 /* Functions.swift */; };
		0D697B3B28F5413F00C7CD67 /* Configuration.swift in Sources */ = {isa = PBXBuildFile; fileRef = 0D697AE528F5413F00C7CD67 /* Configuration.swift */; };
		0D697B3C28F5413F00C7CD67 /* UnitTestViewController.swift in Sources */ = {isa = PBXBuildFile; fileRef = 0D697AE728F5413F00C7CD67 /* UnitTestViewController.swift */; };
		0D697B3D28F5413F00C7CD67 /* UserDefaultsPersistentDataStore.swift in Sources */ = {isa = PBXBuildFile; fileRef = 0D697AE928F5413F00C7CD67 /* UserDefaultsPersistentDataStore.swift */; };
		0D697B3E28F5413F00C7CD67 /* PersistentDataStoreType.swift in Sources */ = {isa = PBXBuildFile; fileRef = 0D697AEA28F5413F00C7CD67 /* PersistentDataStoreType.swift */; };
		0D697B3F28F5413F00C7CD67 /* UserDataStore.swift in Sources */ = {isa = PBXBuildFile; fileRef = 0D697AEB28F5413F00C7CD67 /* UserDataStore.swift */; };
		0D697B4028F5413F00C7CD67 /* InternalTogglesDataStore.swift in Sources */ = {isa = PBXBuildFile; fileRef = 0D697AED28F5413F00C7CD67 /* InternalTogglesDataStore.swift */; };
		0D697B4128F5413F00C7CD67 /* TogglesDataStoreType.swift in Sources */ = {isa = PBXBuildFile; fileRef = 0D697AEE28F5413F00C7CD67 /* TogglesDataStoreType.swift */; };
		0D697B4228F5413F00C7CD67 /* BuildTargetTogglesDataStore.swift in Sources */ = {isa = PBXBuildFile; fileRef = 0D697AEF28F5413F00C7CD67 /* BuildTargetTogglesDataStore.swift */; };
		0D697B4328F5413F00C7CD67 /* FirebaseRemoteTogglesDataStore.swift in Sources */ = {isa = PBXBuildFile; fileRef = 0D697AF028F5413F00C7CD67 /* FirebaseRemoteTogglesDataStore.swift */; };
		0D697B4428F5413F00C7CD67 /* AppRouter.swift in Sources */ = {isa = PBXBuildFile; fileRef = 0D697AF228F5413F00C7CD67 /* AppRouter.swift */; };
		0D697B4528F5413F00C7CD67 /* Navigating.swift in Sources */ = {isa = PBXBuildFile; fileRef = 0D697AF328F5413F00C7CD67 /* Navigating.swift */; };
		0D697B4628F5413F00C7CD67 /* TransitionType.swift in Sources */ = {isa = PBXBuildFile; fileRef = 0D697AF428F5413F00C7CD67 /* TransitionType.swift */; };
		0D697B4728F5413F00C7CD67 /* UniversalLinks.swift in Sources */ = {isa = PBXBuildFile; fileRef = 0D697AF528F5413F00C7CD67 /* UniversalLinks.swift */; };
		0D697B4828F5413F00C7CD67 /* AppRouting.swift in Sources */ = {isa = PBXBuildFile; fileRef = 0D697AF628F5413F00C7CD67 /* AppRouting.swift */; };
		0D697B4928F5413F00C7CD67 /* BaseViewController.swift in Sources */ = {isa = PBXBuildFile; fileRef = 0D697AF828F5413F00C7CD67 /* BaseViewController.swift */; };
		0D697B4A28F5413F00C7CD67 /* BaseListItemView.swift in Sources */ = {isa = PBXBuildFile; fileRef = 0D697AF928F5413F00C7CD67 /* BaseListItemView.swift */; };
		0D697B4B28F5413F00C7CD67 /* BaseTableViewCell.swift in Sources */ = {isa = PBXBuildFile; fileRef = 0D697AFA28F5413F00C7CD67 /* BaseTableViewCell.swift */; };
		0D697B4C28F5413F00C7CD67 /* BaseTableViewController.swift in Sources */ = {isa = PBXBuildFile; fileRef = 0D697AFB28F5413F00C7CD67 /* BaseTableViewController.swift */; };
		0D697B4D28F5413F00C7CD67 /* ListItemCell.swift in Sources */ = {isa = PBXBuildFile; fileRef = 0D697AFC28F5413F00C7CD67 /* ListItemCell.swift */; };
		0D697B4E28F5413F00C7CD67 /* ListItemView.swift in Sources */ = {isa = PBXBuildFile; fileRef = 0D697AFD28F5413F00C7CD67 /* ListItemView.swift */; };
		0D697B4F28F5413F00C7CD67 /* TrackingRepo.swift in Sources */ = {isa = PBXBuildFile; fileRef = 0D697B0028F5413F00C7CD67 /* TrackingRepo.swift */; };
		0D697B5028F5413F00C7CD67 /* ActionTrackingEvent.swift in Sources */ = {isa = PBXBuildFile; fileRef = 0D697B0128F5413F00C7CD67 /* ActionTrackingEvent.swift */; };
		0D697B5128F5414000C7CD67 /* TrackingProvider.swift in Sources */ = {isa = PBXBuildFile; fileRef = 0D697B0228F5413F00C7CD67 /* TrackingProvider.swift */; };
		0D697B5228F5414000C7CD67 /* TrackingEventType.swift in Sources */ = {isa = PBXBuildFile; fileRef = 0D697B0328F5413F00C7CD67 /* TrackingEventType.swift */; };
		0D697B5328F5414000C7CD67 /* TrackingEvent.swift in Sources */ = {isa = PBXBuildFile; fileRef = 0D697B0428F5413F00C7CD67 /* TrackingEvent.swift */; };
		0D697B5428F5414000C7CD67 /* ScreenviewsTrackingEvent.swift in Sources */ = {isa = PBXBuildFile; fileRef = 0D697B0528F5413F00C7CD67 /* ScreenviewsTrackingEvent.swift */; };
		0D697B5528F5414000C7CD67 /* FirebaseActionTrackingEvent.swift in Sources */ = {isa = PBXBuildFile; fileRef = 0D697B0728F5413F00C7CD67 /* FirebaseActionTrackingEvent.swift */; };
		0D697B5628F5414000C7CD67 /* FirebaseTrackingProvider.swift in Sources */ = {isa = PBXBuildFile; fileRef = 0D697B0828F5413F00C7CD67 /* FirebaseTrackingProvider.swift */; };
		0D697B5728F5414000C7CD67 /* Strings.swift in Sources */ = {isa = PBXBuildFile; fileRef = 0D697B0A28F5413F00C7CD67 /* Strings.swift */; };
		0D8440B528F414DE00E37E4F /* Localizable.strings in Resources */ = {isa = PBXBuildFile; fileRef = 0D8440B028F414DE00E37E4F /* Localizable.strings */; };
		0D8440B628F414DE00E37E4F /* LaunchScreen.storyboard in Resources */ = {isa = PBXBuildFile; fileRef = 0D8440B328F414DE00E37E4F /* LaunchScreen.storyboard */; };
		0D8440BA28F4174300E37E4F /* main.swift in Sources */ = {isa = PBXBuildFile; fileRef = 0D8440B928F4174300E37E4F /* main.swift */; };
		0DABF77428F3C84D007FAD5B /* AppDelegate.swift in Sources */ = {isa = PBXBuildFile; fileRef = 0DABF77328F3C84D007FAD5B /* AppDelegate.swift */; };
		0DABF77628F3C84D007FAD5B /* SceneDelegate.swift in Sources */ = {isa = PBXBuildFile; fileRef = 0DABF77528F3C84D007FAD5B /* SceneDelegate.swift */; };
		0DABF77D28F3C851007FAD5B /* Assets.xcassets in Resources */ = {isa = PBXBuildFile; fileRef = 0DABF77C28F3C851007FAD5B /* Assets.xcassets */; };
		0DABF79528F3C852007FAD5B /* DemoUITests.swift in Sources */ = {isa = PBXBuildFile; fileRef = 0DABF79428F3C852007FAD5B /* DemoUITests.swift */; };
		0DABF79728F3C852007FAD5B /* DemoUITestsLaunchTests.swift in Sources */ = {isa = PBXBuildFile; fileRef = 0DABF79628F3C852007FAD5B /* DemoUITestsLaunchTests.swift */; };
		4CBCFEDCD16C6E3A94F226DF /* Pods_DemoTests.framework in Frameworks */ = {isa = PBXBuildFile; fileRef = 5D3579F1814C90702E7ACB72 /* Pods_DemoTests.framework */; };
		C42004F3847407ED61C30B62 /* Pods_Demo.framework in Frameworks */ = {isa = PBXBuildFile; fileRef = EDB709A25EFE7071C6A543DE /* Pods_Demo.framework */; };
/* End PBXBuildFile section */

/* Begin PBXContainerItemProxy section */
		0DABF78728F3C852007FAD5B /* PBXContainerItemProxy */ = {
			isa = PBXContainerItemProxy;
			containerPortal = 0DABF76828F3C84D007FAD5B /* Project object */;
			proxyType = 1;
			remoteGlobalIDString = 0DABF76F28F3C84D007FAD5B;
			remoteInfo = Demo;
		};
		0DABF79128F3C852007FAD5B /* PBXContainerItemProxy */ = {
			isa = PBXContainerItemProxy;
			containerPortal = 0DABF76828F3C84D007FAD5B /* Project object */;
			proxyType = 1;
			remoteGlobalIDString = 0DABF76F28F3C84D007FAD5B;
			remoteInfo = Demo;
		};
/* End PBXContainerItemProxy section */

/* Begin PBXFileReference section */
		0D697A6C28F5180800C7CD67 /* MomentsTimelineViewModelTests.swift */ = {isa = PBXFileReference; fileEncoding = 4; lastKnownFileType = sourcecode.swift; path = MomentsTimelineViewModelTests.swift; sourceTree = "<group>"; };
		0D697A6D28F5180800C7CD67 /* UserProfileListItemViewModelTests.swift */ = {isa = PBXFileReference; fileEncoding = 4; lastKnownFileType = sourcecode.swift; path = UserProfileListItemViewModelTests.swift; sourceTree = "<group>"; };
		0D697A6E28F5180800C7CD67 /* MomentListItemViewModelTests.swift */ = {isa = PBXFileReference; fileEncoding = 4; lastKnownFileType = sourcecode.swift; path = MomentListItemViewModelTests.swift; sourceTree = "<group>"; };
		0D697A7028F5180800C7CD67 /* UpdateMomentLikeSessionTests.swift */ = {isa = PBXFileReference; fileEncoding = 4; lastKnownFileType = sourcecode.swift; path = UpdateMomentLikeSessionTests.swift; sourceTree = "<group>"; };
		0D697A7128F5180800C7CD67 /* GetMomentsByUserIDSessionTests.swift */ = {isa = PBXFileReference; fileEncoding = 4; lastKnownFileType = sourcecode.swift; path = GetMomentsByUserIDSessionTests.swift; sourceTree = "<group>"; };
		0D697A7328F5180800C7CD67 /* MomentsRepoTests.swift */ = {isa = PBXFileReference; fileEncoding = 4; lastKnownFileType = sourcecode.swift; path = MomentsRepoTests.swift; sourceTree = "<group>"; };
		0D697A7528F5180800C7CD67 /* UnlikeActionTrackingEventTests.swift */ = {isa = PBXFileReference; fileEncoding = 4; lastKnownFileType = sourcecode.swift; path = UnlikeActionTrackingEventTests.swift; sourceTree = "<group>"; };
		0D697A7628F5180800C7CD67 /* LikeActionTrackingEventTests.swift */ = {isa = PBXFileReference; fileEncoding = 4; lastKnownFileType = sourcecode.swift; path = LikeActionTrackingEventTests.swift; sourceTree = "<group>"; };
		0D697A7828F5180800C7CD67 /* TestFixture.swift */ = {isa = PBXFileReference; fileEncoding = 4; lastKnownFileType = sourcecode.swift; path = TestFixture.swift; sourceTree = "<group>"; };
		0D697A7928F5180800C7CD67 /* MockError.swift */ = {isa = PBXFileReference; fileEncoding = 4; lastKnownFileType = sourcecode.swift; path = MockError.swift; sourceTree = "<group>"; };
		0D697A7A28F5180800C7CD67 /* MockTrackingRepo.swift */ = {isa = PBXFileReference; fileEncoding = 4; lastKnownFileType = sourcecode.swift; path = MockTrackingRepo.swift; sourceTree = "<group>"; };
		0D697A7B28F5180800C7CD67 /* TestObserver.swift */ = {isa = PBXFileReference; fileEncoding = 4; lastKnownFileType = sourcecode.swift; path = TestObserver.swift; sourceTree = "<group>"; };
		0D697A7C28F5180800C7CD67 /* MockNow.swift */ = {isa = PBXFileReference; fileEncoding = 4; lastKnownFileType = sourcecode.swift; path = MockNow.swift; sourceTree = "<group>"; };
		0D697A7D28F5180800C7CD67 /* EquatableViaDump.swift */ = {isa = PBXFileReference; fileEncoding = 4; lastKnownFileType = sourcecode.swift; path = EquatableViaDump.swift; sourceTree = "<group>"; };
		0D697AA028F5413E00C7CD67 /* UserProfileListItemViewModel.swift */ = {isa = PBXFileReference; fileEncoding = 4; lastKnownFileType = sourcecode.swift; path = UserProfileListItemViewModel.swift; sourceTree = "<group>"; };
		0D697AA128F5413E00C7CD67 /* MomentsTimelineViewModel.swift */ = {isa = PBXFileReference; fileEncoding = 4; lastKnownFileType = sourcecode.swift; path = MomentsTimelineViewModel.swift; sourceTree = "<group>"; };
		0D697AA228F5413E00C7CD67 /* MomentListItemViewModel.swift */ = {isa = PBXFileReference; fileEncoding = 4; lastKnownFileType = sourcecode.swift; path = MomentListItemViewModel.swift; sourceTree = "<group>"; };
		0D697AA428F5413E00C7CD67 /* GetMomentsByUserIDSession.swift */ = {isa = PBXFileReference; fileEncoding = 4; lastKnownFileType = sourcecode.swift; path = GetMomentsByUserIDSession.swift; sourceTree = "<group>"; };
		0D697AA528F5413E00C7CD67 /* UpdateMomentLikeSession.swift */ = {isa = PBXFileReference; fileEncoding = 4; lastKnownFileType = sourcecode.swift; path = UpdateMomentLikeSession.swift; sourceTree = "<group>"; };
		0D697AA728F5413E00C7CD67 /* MomentsRepo.swift */ = {isa = PBXFileReference; fileEncoding = 4; lastKnownFileType = sourcecode.swift; path = MomentsRepo.swift; sourceTree = "<group>"; };
		0D697AA928F5413E00C7CD67 /* MomentsDetails.swift */ = {isa = PBXFileReference; fileEncoding = 4; lastKnownFileType = sourcecode.swift; path = MomentsDetails.swift; sourceTree = "<group>"; };
		0D697AAB28F5413E00C7CD67 /* MomentsTimelineViewController.swift */ = {isa = PBXFileReference; fileEncoding = 4; lastKnownFileType = sourcecode.swift; path = MomentsTimelineViewController.swift; sourceTree = "<group>"; };
		0D697AAC28F5413E00C7CD67 /* MomentListItemView.swift */ = {isa = PBXFileReference; fileEncoding = 4; lastKnownFileType = sourcecode.swift; path = MomentListItemView.swift; sourceTree = "<group>"; };
		0D697AAD28F5413E00C7CD67 /* UserProfileListItemView.swift */ = {isa = PBXFileReference; fileEncoding = 4; lastKnownFileType = sourcecode.swift; path = UserProfileListItemView.swift; sourceTree = "<group>"; };
		0D697AAF28F5413E00C7CD67 /* UnlikeActionTrackingEvent.swift */ = {isa = PBXFileReference; fileEncoding = 4; lastKnownFileType = sourcecode.swift; path = UnlikeActionTrackingEvent.swift; sourceTree = "<group>"; };
		0D697AB028F5413E00C7CD67 /* LikeActionTrackingEvent.swift */ = {isa = PBXFileReference; fileEncoding = 4; lastKnownFileType = sourcecode.swift; path = LikeActionTrackingEvent.swift; sourceTree = "<group>"; };
		0D697AB328F5413E00C7CD67 /* InternalMenuDesignKitDemoItemViewModel.swift */ = {isa = PBXFileReference; fileEncoding = 4; lastKnownFileType = sourcecode.swift; path = InternalMenuDesignKitDemoItemViewModel.swift; sourceTree = "<group>"; };
		0D697AB428F5413E00C7CD67 /* InternalMenuItemViewModel.swift */ = {isa = PBXFileReference; fileEncoding = 4; lastKnownFileType = sourcecode.swift; path = InternalMenuItemViewModel.swift; sourceTree = "<group>"; };
		0D697AB528F5413E00C7CD67 /* InternalMenuDescriptionItemViewModel.swift */ = {isa = PBXFileReference; fileEncoding = 4; lastKnownFileType = sourcecode.swift; path = InternalMenuDescriptionItemViewModel.swift; sourceTree = "<group>"; };
		0D697AB628F5413E00C7CD67 /* InternalMenuFeatureToggleItemViewModel.swift */ = {isa = PBXFileReference; fileEncoding = 4; lastKnownFileType = sourcecode.swift; path = InternalMenuFeatureToggleItemViewModel.swift; sourceTree = "<group>"; };
		0D697AB728F5413E00C7CD67 /* InternalMenuSection.swift */ = {isa = PBXFileReference; fileEncoding = 4; lastKnownFileType = sourcecode.swift; path = InternalMenuSection.swift; sourceTree = "<group>"; };
		0D697AB828F5413E00C7CD67 /* InternalMenuViewModel.swift */ = {isa = PBXFileReference; fileEncoding = 4; lastKnownFileType = sourcecode.swift; path = InternalMenuViewModel.swift; sourceTree = "<group>"; };
		0D697AB928F5413E00C7CD67 /* InternalMenuCrashAppItemViewModel.swift */ = {isa = PBXFileReference; fileEncoding = 4; lastKnownFileType = sourcecode.swift; path = InternalMenuCrashAppItemViewModel.swift; sourceTree = "<group>"; };
		0D697ABA28F5413E00C7CD67 /* InternalMenuActionTriggerItemViewModel.swift */ = {isa = PBXFileReference; fileEncoding = 4; lastKnownFileType = sourcecode.swift; path = InternalMenuActionTriggerItemViewModel.swift; sourceTree = "<group>"; };
		0D697ABC28F5413E00C7CD67 /* InternalMenuNavigator.swift */ = {isa = PBXFileReference; fileEncoding = 4; lastKnownFileType = sourcecode.swift; path = InternalMenuNavigator.swift; sourceTree = "<group>"; };
		0D697ABD28F5413E00C7CD67 /* DesignKitDemoNavigator.swift */ = {isa = PBXFileReference; fileEncoding = 4; lastKnownFileType = sourcecode.swift; path = DesignKitDemoNavigator.swift; sourceTree = "<group>"; };
		0D697ABF28F5413E00C7CD67 /* InternalMenuCellType.swift */ = {isa = PBXFileReference; fileEncoding = 4; lastKnownFileType = sourcecode.swift; path = InternalMenuCellType.swift; sourceTree = "<group>"; };
		0D697AC028F5413E00C7CD67 /* InternalMenuViewController.swift */ = {isa = PBXFileReference; fileEncoding = 4; lastKnownFileType = sourcecode.swift; path = InternalMenuViewController.swift; sourceTree = "<group>"; };
		0D697AC128F5413E00C7CD67 /* InternalMenuDescriptionCell.swift */ = {isa = PBXFileReference; fileEncoding = 4; lastKnownFileType = sourcecode.swift; path = InternalMenuDescriptionCell.swift; sourceTree = "<group>"; };
		0D697AC228F5413E00C7CD67 /* DesignKitDemoViewController.swift */ = {isa = PBXFileReference; fileEncoding = 4; lastKnownFileType = sourcecode.swift; path = DesignKitDemoViewController.swift; sourceTree = "<group>"; };
		0D697AC328F5413E00C7CD67 /* InternalMenuFeatureToggleCell.swift */ = {isa = PBXFileReference; fileEncoding = 4; lastKnownFileType = sourcecode.swift; path = InternalMenuFeatureToggleCell.swift; sourceTree = "<group>"; };
		0D697AC428F5413E00C7CD67 /* InternalMenuActionTriggerCell.swift */ = {isa = PBXFileReference; fileEncoding = 4; lastKnownFileType = sourcecode.swift; path = InternalMenuActionTriggerCell.swift; sourceTree = "<group>"; };
		0D697AC728F5413E00C7CD67 /* UserDataStoreObservableObject.swift */ = {isa = PBXFileReference; fileEncoding = 4; lastKnownFileType = sourcecode.swift; path = UserDataStoreObservableObject.swift; sourceTree = "<group>"; };
		0D697AC828F5413E00C7CD67 /* MomentsListObservableObject.swift */ = {isa = PBXFileReference; fileEncoding = 4; lastKnownFileType = sourcecode.swift; path = MomentsListObservableObject.swift; sourceTree = "<group>"; };
		0D697ACA28F5413E00C7CD67 /* SwiftUIMomentsListItemView.swift */ = {isa = PBXFileReference; fileEncoding = 4; lastKnownFileType = sourcecode.swift; path = SwiftUIMomentsListItemView.swift; sourceTree = "<group>"; };
		0D697ACB28F5413E00C7CD67 /* BlurView.swift */ = {isa = PBXFileReference; fileEncoding = 4; lastKnownFileType = sourcecode.swift; path = BlurView.swift; sourceTree = "<group>"; };
		0D697ACC28F5413E00C7CD67 /* SwiftUIMomentListItemView.swift */ = {isa = PBXFileReference; fileEncoding = 4; lastKnownFileType = sourcecode.swift; path = SwiftUIMomentListItemView.swift; sourceTree = "<group>"; };
		0D697ACD28F5413E00C7CD67 /* SwiftUIMomentsTimelineView.swift */ = {isa = PBXFileReference; fileEncoding = 4; lastKnownFileType = sourcecode.swift; path = SwiftUIMomentsTimelineView.swift; sourceTree = "<group>"; };
		0D697ACE28F5413E00C7CD67 /* SwiftUIUserProfileListItemView.swift */ = {isa = PBXFileReference; fileEncoding = 4; lastKnownFileType = sourcecode.swift; path = SwiftUIUserProfileListItemView.swift; sourceTree = "<group>"; };
		0D697AD128F5413E00C7CD67 /* ListViewModel.swift */ = {isa = PBXFileReference; fileEncoding = 4; lastKnownFileType = sourcecode.swift; path = ListViewModel.swift; sourceTree = "<group>"; };
		0D697AD228F5413E00C7CD67 /* ListItemViewModel.swift */ = {isa = PBXFileReference; fileEncoding = 4; lastKnownFileType = sourcecode.swift; path = ListItemViewModel.swift; sourceTree = "<group>"; };
		0D697AD428F5413E00C7CD67 /* RelativeDateTimeFormatterType.swift */ = {isa = PBXFileReference; fileEncoding = 4; lastKnownFileType = sourcecode.swift; path = RelativeDateTimeFormatterType.swift; sourceTree = "<group>"; };
		0D697AD628F5413E00C7CD67 /* APISession.swift */ = {isa = PBXFileReference; fileEncoding = 4; lastKnownFileType = sourcecode.swift; path = APISession.swift; sourceTree = "<group>"; };
		0D697AD728F5413E00C7CD67 /* API.swift */ = {isa = PBXFileReference; fileEncoding = 4; lastKnownFileType = sourcecode.swift; path = API.swift; sourceTree = "<group>"; };
		0D697AD928F5413E00C7CD67 /* ABTestProvider.swift */ = {isa = PBXFileReference; fileEncoding = 4; lastKnownFileType = sourcecode.swift; path = ABTestProvider.swift; sourceTree = "<group>"; };
		0D697ADA28F5413E00C7CD67 /* FirebaseABTestProvider.swift */ = {isa = PBXFileReference; fileEncoding = 4; lastKnownFileType = sourcecode.swift; path = FirebaseABTestProvider.swift; sourceTree = "<group>"; };
		0D697ADC28F5413E00C7CD67 /* RemoteConfigProvider.swift */ = {isa = PBXFileReference; fileEncoding = 4; lastKnownFileType = sourcecode.swift; path = RemoteConfigProvider.swift; sourceTree = "<group>"; };
		0D697ADD28F5413E00C7CD67 /* FirebaseRemoteConfigProvider.swift */ = {isa = PBXFileReference; fileEncoding = 4; lastKnownFileType = sourcecode.swift; path = FirebaseRemoteConfigProvider.swift; sourceTree = "<group>"; };
		0D697ADE28F5413E00C7CD67 /* FirebaseRemoteConfigDefaults.plist */ = {isa = PBXFileReference; fileEncoding = 4; lastKnownFileType = text.plist.xml; path = FirebaseRemoteConfigDefaults.plist; sourceTree = "<group>"; };
		0D697AE028F5413E00C7CD67 /* DebuggingUltils.swift */ = {isa = PBXFileReference; fileEncoding = 4; lastKnownFileType = sourcecode.swift; path = DebuggingUltils.swift; sourceTree = "<group>"; };
		0D697AE228F5413E00C7CD67 /* UIApplicationExtensions.swift */ = {isa = PBXFileReference; fileEncoding = 4; lastKnownFileType = sourcecode.swift; path = UIApplicationExtensions.swift; sourceTree = "<group>"; };
		0D697AE428F5413F00C7CD67 /* Functions.swift */ = {isa = PBXFileReference; fileEncoding = 4; lastKnownFileType = sourcecode.swift; path = Functions.swift; sourceTree = "<group>"; };
		0D697AE528F5413F00C7CD67 /* Configuration.swift */ = {isa = PBXFileReference; fileEncoding = 4; lastKnownFileType = sourcecode.swift; path = Configuration.swift; sourceTree = "<group>"; };
		0D697AE728F5413F00C7CD67 /* UnitTestViewController.swift */ = {isa = PBXFileReference; fileEncoding = 4; lastKnownFileType = sourcecode.swift; path = UnitTestViewController.swift; sourceTree = "<group>"; };
		0D697AE928F5413F00C7CD67 /* UserDefaultsPersistentDataStore.swift */ = {isa = PBXFileReference; fileEncoding = 4; lastKnownFileType = sourcecode.swift; path = UserDefaultsPersistentDataStore.swift; sourceTree = "<group>"; };
		0D697AEA28F5413F00C7CD67 /* PersistentDataStoreType.swift */ = {isa = PBXFileReference; fileEncoding = 4; lastKnownFileType = sourcecode.swift; path = PersistentDataStoreType.swift; sourceTree = "<group>"; };
		0D697AEB28F5413F00C7CD67 /* UserDataStore.swift */ = {isa = PBXFileReference; fileEncoding = 4; lastKnownFileType = sourcecode.swift; path = UserDataStore.swift; sourceTree = "<group>"; };
		0D697AED28F5413F00C7CD67 /* InternalTogglesDataStore.swift */ = {isa = PBXFileReference; fileEncoding = 4; lastKnownFileType = sourcecode.swift; path = InternalTogglesDataStore.swift; sourceTree = "<group>"; };
		0D697AEE28F5413F00C7CD67 /* TogglesDataStoreType.swift */ = {isa = PBXFileReference; fileEncoding = 4; lastKnownFileType = sourcecode.swift; path = TogglesDataStoreType.swift; sourceTree = "<group>"; };
		0D697AEF28F5413F00C7CD67 /* BuildTargetTogglesDataStore.swift */ = {isa = PBXFileReference; fileEncoding = 4; lastKnownFileType = sourcecode.swift; path = BuildTargetTogglesDataStore.swift; sourceTree = "<group>"; };
		0D697AF028F5413F00C7CD67 /* FirebaseRemoteTogglesDataStore.swift */ = {isa = PBXFileReference; fileEncoding = 4; lastKnownFileType = sourcecode.swift; path = FirebaseRemoteTogglesDataStore.swift; sourceTree = "<group>"; };
		0D697AF228F5413F00C7CD67 /* AppRouter.swift */ = {isa = PBXFileReference; fileEncoding = 4; lastKnownFileType = sourcecode.swift; path = AppRouter.swift; sourceTree = "<group>"; };
		0D697AF328F5413F00C7CD67 /* Navigating.swift */ = {isa = PBXFileReference; fileEncoding = 4; lastKnownFileType = sourcecode.swift; path = Navigating.swift; sourceTree = "<group>"; };
		0D697AF428F5413F00C7CD67 /* TransitionType.swift */ = {isa = PBXFileReference; fileEncoding = 4; lastKnownFileType = sourcecode.swift; path = TransitionType.swift; sourceTree = "<group>"; };
		0D697AF528F5413F00C7CD67 /* UniversalLinks.swift */ = {isa = PBXFileReference; fileEncoding = 4; lastKnownFileType = sourcecode.swift; path = UniversalLinks.swift; sourceTree = "<group>"; };
		0D697AF628F5413F00C7CD67 /* AppRouting.swift */ = {isa = PBXFileReference; fileEncoding = 4; lastKnownFileType = sourcecode.swift; path = AppRouting.swift; sourceTree = "<group>"; };
		0D697AF828F5413F00C7CD67 /* BaseViewController.swift */ = {isa = PBXFileReference; fileEncoding = 4; lastKnownFileType = sourcecode.swift; path = BaseViewController.swift; sourceTree = "<group>"; };
		0D697AF928F5413F00C7CD67 /* BaseListItemView.swift */ = {isa = PBXFileReference; fileEncoding = 4; lastKnownFileType = sourcecode.swift; path = BaseListItemView.swift; sourceTree = "<group>"; };
		0D697AFA28F5413F00C7CD67 /* BaseTableViewCell.swift */ = {isa = PBXFileReference; fileEncoding = 4; lastKnownFileType = sourcecode.swift; path = BaseTableViewCell.swift; sourceTree = "<group>"; };
		0D697AFB28F5413F00C7CD67 /* BaseTableViewController.swift */ = {isa = PBXFileReference; fileEncoding = 4; lastKnownFileType = sourcecode.swift; path = BaseTableViewController.swift; sourceTree = "<group>"; };
		0D697AFC28F5413F00C7CD67 /* ListItemCell.swift */ = {isa = PBXFileReference; fileEncoding = 4; lastKnownFileType = sourcecode.swift; path = ListItemCell.swift; sourceTree = "<group>"; };
		0D697AFD28F5413F00C7CD67 /* ListItemView.swift */ = {isa = PBXFileReference; fileEncoding = 4; lastKnownFileType = sourcecode.swift; path = ListItemView.swift; sourceTree = "<group>"; };
		0D697B0028F5413F00C7CD67 /* TrackingRepo.swift */ = {isa = PBXFileReference; fileEncoding = 4; lastKnownFileType = sourcecode.swift; path = TrackingRepo.swift; sourceTree = "<group>"; };
		0D697B0128F5413F00C7CD67 /* ActionTrackingEvent.swift */ = {isa = PBXFileReference; fileEncoding = 4; lastKnownFileType = sourcecode.swift; path = ActionTrackingEvent.swift; sourceTree = "<group>"; };
		0D697B0228F5413F00C7CD67 /* TrackingProvider.swift */ = {isa = PBXFileReference; fileEncoding = 4; lastKnownFileType = sourcecode.swift; path = TrackingProvider.swift; sourceTree = "<group>"; };
		0D697B0328F5413F00C7CD67 /* TrackingEventType.swift */ = {isa = PBXFileReference; fileEncoding = 4; lastKnownFileType = sourcecode.swift; path = TrackingEventType.swift; sourceTree = "<group>"; };
		0D697B0428F5413F00C7CD67 /* TrackingEvent.swift */ = {isa = PBXFileReference; fileEncoding = 4; lastKnownFileType = sourcecode.swift; path = TrackingEvent.swift; sourceTree = "<group>"; };
		0D697B0528F5413F00C7CD67 /* ScreenviewsTrackingEvent.swift */ = {isa = PBXFileReference; fileEncoding = 4; lastKnownFileType = sourcecode.swift; path = ScreenviewsTrackingEvent.swift; sourceTree = "<group>"; };
		0D697B0728F5413F00C7CD67 /* FirebaseActionTrackingEvent.swift */ = {isa = PBXFileReference; fileEncoding = 4; lastKnownFileType = sourcecode.swift; path = FirebaseActionTrackingEvent.swift; sourceTree = "<group>"; };
		0D697B0828F5413F00C7CD67 /* FirebaseTrackingProvider.swift */ = {isa = PBXFileReference; fileEncoding = 4; lastKnownFileType = sourcecode.swift; path = FirebaseTrackingProvider.swift; sourceTree = "<group>"; };
		0D697B0A28F5413F00C7CD67 /* Strings.swift */ = {isa = PBXFileReference; fileEncoding = 4; lastKnownFileType = sourcecode.swift; path = Strings.swift; sourceTree = "<group>"; };
		0D8440B128F414DE00E37E4F /* zh-Hans */ = {isa = PBXFileReference; lastKnownFileType = text.plist.strings; name = "zh-Hans"; path = "zh-Hans.lproj/Localizable.strings"; sourceTree = "<group>"; };
		0D8440B228F414DE00E37E4F /* en */ = {isa = PBXFileReference; lastKnownFileType = text.plist.strings; name = en; path = en.lproj/Localizable.strings; sourceTree = "<group>"; };
		0D8440B428F414DE00E37E4F /* Base */ = {isa = PBXFileReference; lastKnownFileType = file.storyboard; name = Base; path = Base.lproj/LaunchScreen.storyboard; sourceTree = "<group>"; };
		0D8440B928F4174300E37E4F /* main.swift */ = {isa = PBXFileReference; fileEncoding = 4; lastKnownFileType = sourcecode.swift; path = main.swift; sourceTree = "<group>"; };
		0DABF77028F3C84D007FAD5B /* Demo.app */ = {isa = PBXFileReference; explicitFileType = wrapper.application; includeInIndex = 0; path = Demo.app; sourceTree = BUILT_PRODUCTS_DIR; };
		0DABF77328F3C84D007FAD5B /* AppDelegate.swift */ = {isa = PBXFileReference; lastKnownFileType = sourcecode.swift; path = AppDelegate.swift; sourceTree = "<group>"; };
		0DABF77528F3C84D007FAD5B /* SceneDelegate.swift */ = {isa = PBXFileReference; lastKnownFileType = sourcecode.swift; path = SceneDelegate.swift; sourceTree = "<group>"; };
		0DABF77C28F3C851007FAD5B /* Assets.xcassets */ = {isa = PBXFileReference; lastKnownFileType = folder.assetcatalog; path = Assets.xcassets; sourceTree = "<group>"; };
		0DABF78128F3C851007FAD5B /* Info.plist */ = {isa = PBXFileReference; lastKnownFileType = text.plist.xml; path = Info.plist; sourceTree = "<group>"; };
		0DABF78628F3C852007FAD5B /* DemoTests.xctest */ = {isa = PBXFileReference; explicitFileType = wrapper.cfbundle; includeInIndex = 0; path = DemoTests.xctest; sourceTree = BUILT_PRODUCTS_DIR; };
		0DABF79028F3C852007FAD5B /* DemoUITests.xctest */ = {isa = PBXFileReference; explicitFileType = wrapper.cfbundle; includeInIndex = 0; path = DemoUITests.xctest; sourceTree = BUILT_PRODUCTS_DIR; };
		0DABF79428F3C852007FAD5B /* DemoUITests.swift */ = {isa = PBXFileReference; lastKnownFileType = sourcecode.swift; path = DemoUITests.swift; sourceTree = "<group>"; };
		0DABF79628F3C852007FAD5B /* DemoUITestsLaunchTests.swift */ = {isa = PBXFileReference; lastKnownFileType = sourcecode.swift; path = DemoUITestsLaunchTests.swift; sourceTree = "<group>"; };
		0DABF7A528F3CA03007FAD5B /* AppStoreTarget.xcconfig */ = {isa = PBXFileReference; fileEncoding = 4; lastKnownFileType = text.xcconfig; path = AppStoreTarget.xcconfig; sourceTree = "<group>"; };
		0DABF7A628F3CA03007FAD5B /* DebugTarget.xcconfig */ = {isa = PBXFileReference; fileEncoding = 4; lastKnownFileType = text.xcconfig; path = DebugTarget.xcconfig; sourceTree = "<group>"; };
		0DABF7A728F3CA03007FAD5B /* InternalTarget.xcconfig */ = {isa = PBXFileReference; fileEncoding = 4; lastKnownFileType = text.xcconfig; path = InternalTarget.xcconfig; sourceTree = "<group>"; };
		0DABF7A828F3CA03007FAD5B /* BaseTarget.xcconfig */ = {isa = PBXFileReference; fileEncoding = 4; lastKnownFileType = text.xcconfig; path = BaseTarget.xcconfig; sourceTree = "<group>"; };
		0DABF7AA28F3CA03007FAD5B /* CompilerAndLanguage.xcconfig */ = {isa = PBXFileReference; fileEncoding = 4; lastKnownFileType = text.xcconfig; path = CompilerAndLanguage.xcconfig; sourceTree = "<group>"; };
		0DABF7AB28F3CA03007FAD5B /* BaseConfigurations.xcconfig */ = {isa = PBXFileReference; fileEncoding = 4; lastKnownFileType = text.xcconfig; path = BaseConfigurations.xcconfig; sourceTree = "<group>"; };
		0DABF7AC28F3CA03007FAD5B /* SDKAndDeviceSupport.xcconfig */ = {isa = PBXFileReference; fileEncoding = 4; lastKnownFileType = text.xcconfig; path = SDKAndDeviceSupport.xcconfig; sourceTree = "<group>"; };
		0DABF7AE28F3CA03007FAD5B /* InternalProject.xcconfig */ = {isa = PBXFileReference; fileEncoding = 4; lastKnownFileType = text.xcconfig; path = InternalProject.xcconfig; sourceTree = "<group>"; };
		0DABF7AF28F3CA03007FAD5B /* AppStoreProject.xcconfig */ = {isa = PBXFileReference; fileEncoding = 4; lastKnownFileType = text.xcconfig; path = AppStoreProject.xcconfig; sourceTree = "<group>"; };
		0DABF7B028F3CA03007FAD5B /* DebugProject.xcconfig */ = {isa = PBXFileReference; fileEncoding = 4; lastKnownFileType = text.xcconfig; path = DebugProject.xcconfig; sourceTree = "<group>"; };
		0DABF7B128F3CA03007FAD5B /* BaseProject.xcconfig */ = {isa = PBXFileReference; fileEncoding = 4; lastKnownFileType = text.xcconfig; path = BaseProject.xcconfig; sourceTree = "<group>"; };
		0DABF7B328F3CA03007FAD5B /* GoogleService-Info-Development.plist */ = {isa = PBXFileReference; fileEncoding = 4; lastKnownFileType = text.plist.xml; path = "GoogleService-Info-Development.plist"; sourceTree = "<group>"; };
		0DABF7B428F3CA03007FAD5B /* GoogleService-Info-Internal.plist */ = {isa = PBXFileReference; fileEncoding = 4; lastKnownFileType = text.plist.xml; path = "GoogleService-Info-Internal.plist"; sourceTree = "<group>"; };
		0DABF7B528F3CA03007FAD5B /* GoogleService-Info-AppStore.plist */ = {isa = PBXFileReference; fileEncoding = 4; lastKnownFileType = text.plist.xml; path = "GoogleService-Info-AppStore.plist"; sourceTree = "<group>"; };
		2445345B8C8E42E77A72B795 /* Pods-Demo.debug.xcconfig */ = {isa = PBXFileReference; includeInIndex = 1; lastKnownFileType = text.xcconfig; name = "Pods-Demo.debug.xcconfig"; path = "Target Support Files/Pods-Demo/Pods-Demo.debug.xcconfig"; sourceTree = "<group>"; };
		283F6E916AD6E28693364CFE /* Pods-DemoTests.internal.xcconfig */ = {isa = PBXFileReference; includeInIndex = 1; lastKnownFileType = text.xcconfig; name = "Pods-DemoTests.internal.xcconfig"; path = "Target Support Files/Pods-DemoTests/Pods-DemoTests.internal.xcconfig"; sourceTree = "<group>"; };
		2D38D8358D373611EC6809E0 /* Pods-Demo.appstore.xcconfig */ = {isa = PBXFileReference; includeInIndex = 1; lastKnownFileType = text.xcconfig; name = "Pods-Demo.appstore.xcconfig"; path = "Target Support Files/Pods-Demo/Pods-Demo.appstore.xcconfig"; sourceTree = "<group>"; };
		5D3579F1814C90702E7ACB72 /* Pods_DemoTests.framework */ = {isa = PBXFileReference; explicitFileType = wrapper.framework; includeInIndex = 0; path = Pods_DemoTests.framework; sourceTree = BUILT_PRODUCTS_DIR; };
		96681D143F21F9D55C012142 /* Pods-DemoTests.appstore.xcconfig */ = {isa = PBXFileReference; includeInIndex = 1; lastKnownFileType = text.xcconfig; name = "Pods-DemoTests.appstore.xcconfig"; path = "Target Support Files/Pods-DemoTests/Pods-DemoTests.appstore.xcconfig"; sourceTree = "<group>"; };
		AE2C7FCF2349E65DB55935CA /* Pods-Demo.internal.xcconfig */ = {isa = PBXFileReference; includeInIndex = 1; lastKnownFileType = text.xcconfig; name = "Pods-Demo.internal.xcconfig"; path = "Target Support Files/Pods-Demo/Pods-Demo.internal.xcconfig"; sourceTree = "<group>"; };
		C9BC4A5DB7E4EFC101A81981 /* Pods-Demo.release.xcconfig */ = {isa = PBXFileReference; includeInIndex = 1; lastKnownFileType = text.xcconfig; name = "Pods-Demo.release.xcconfig"; path = "Target Support Files/Pods-Demo/Pods-Demo.release.xcconfig"; sourceTree = "<group>"; };
		EBD524DA195D885377217B8A /* Pods-DemoTests.release.xcconfig */ = {isa = PBXFileReference; includeInIndex = 1; lastKnownFileType = text.xcconfig; name = "Pods-DemoTests.release.xcconfig"; path = "Target Support Files/Pods-DemoTests/Pods-DemoTests.release.xcconfig"; sourceTree = "<group>"; };
		EDB709A25EFE7071C6A543DE /* Pods_Demo.framework */ = {isa = PBXFileReference; explicitFileType = wrapper.framework; includeInIndex = 0; path = Pods_Demo.framework; sourceTree = BUILT_PRODUCTS_DIR; };
		FE1E8B8F870B7C9D7E381AB5 /* Pods-DemoTests.debug.xcconfig */ = {isa = PBXFileReference; includeInIndex = 1; lastKnownFileType = text.xcconfig; name = "Pods-DemoTests.debug.xcconfig"; path = "Target Support Files/Pods-DemoTests/Pods-DemoTests.debug.xcconfig"; sourceTree = "<group>"; };
/* End PBXFileReference section */

/* Begin PBXFrameworksBuildPhase section */
		0DABF76D28F3C84D007FAD5B /* Frameworks */ = {
			isa = PBXFrameworksBuildPhase;
			buildActionMask = 2147483647;
			files = (
				C42004F3847407ED61C30B62 /* Pods_Demo.framework in Frameworks */,
			);
			runOnlyForDeploymentPostprocessing = 0;
		};
		0DABF78328F3C852007FAD5B /* Frameworks */ = {
			isa = PBXFrameworksBuildPhase;
			buildActionMask = 2147483647;
			files = (
				4CBCFEDCD16C6E3A94F226DF /* Pods_DemoTests.framework in Frameworks */,
			);
			runOnlyForDeploymentPostprocessing = 0;
		};
		0DABF78D28F3C852007FAD5B /* Frameworks */ = {
			isa = PBXFrameworksBuildPhase;
			buildActionMask = 2147483647;
			files = (
			);
			runOnlyForDeploymentPostprocessing = 0;
		};
/* End PBXFrameworksBuildPhase section */

/* Begin PBXGroup section */
		0D697A6928F5180800C7CD67 /* Features */ = {
			isa = PBXGroup;
			children = (
				0D697A6A28F5180800C7CD67 /* Demo */,
			);
			path = Features;
			sourceTree = "<group>";
		};
		0D697A6A28F5180800C7CD67 /* Demo */ = {
			isa = PBXGroup;
			children = (
				0D697A6B28F5180800C7CD67 /* ViewModels */,
				0D697A6F28F5180800C7CD67 /* Networking */,
				0D697A7228F5180800C7CD67 /* Repositories */,
				0D697A7428F5180800C7CD67 /* Analytics */,
			);
			path = Demo;
			sourceTree = "<group>";
		};
		0D697A6B28F5180800C7CD67 /* ViewModels */ = {
			isa = PBXGroup;
			children = (
				0D697A6C28F5180800C7CD67 /* MomentsTimelineViewModelTests.swift */,
				0D697A6D28F5180800C7CD67 /* UserProfileListItemViewModelTests.swift */,
				0D697A6E28F5180800C7CD67 /* MomentListItemViewModelTests.swift */,
			);
			path = ViewModels;
			sourceTree = "<group>";
		};
		0D697A6F28F5180800C7CD67 /* Networking */ = {
			isa = PBXGroup;
			children = (
				0D697A7028F5180800C7CD67 /* UpdateMomentLikeSessionTests.swift */,
				0D697A7128F5180800C7CD67 /* GetMomentsByUserIDSessionTests.swift */,
			);
			path = Networking;
			sourceTree = "<group>";
		};
		0D697A7228F5180800C7CD67 /* Repositories */ = {
			isa = PBXGroup;
			children = (
				0D697A7328F5180800C7CD67 /* MomentsRepoTests.swift */,
			);
			path = Repositories;
			sourceTree = "<group>";
		};
		0D697A7428F5180800C7CD67 /* Analytics */ = {
			isa = PBXGroup;
			children = (
				0D697A7528F5180800C7CD67 /* UnlikeActionTrackingEventTests.swift */,
				0D697A7628F5180800C7CD67 /* LikeActionTrackingEventTests.swift */,
			);
			path = Analytics;
			sourceTree = "<group>";
		};
		0D697A7728F5180800C7CD67 /* Utilities */ = {
			isa = PBXGroup;
			children = (
				0D697A7828F5180800C7CD67 /* TestFixture.swift */,
				0D697A7928F5180800C7CD67 /* MockError.swift */,
				0D697A7A28F5180800C7CD67 /* MockTrackingRepo.swift */,
				0D697A7B28F5180800C7CD67 /* TestObserver.swift */,
				0D697A7C28F5180800C7CD67 /* MockNow.swift */,
				0D697A7D28F5180800C7CD67 /* EquatableViaDump.swift */,
			);
			path = Utilities;
			sourceTree = "<group>";
		};
		0D697A9D28F5413E00C7CD67 /* Features */ = {
			isa = PBXGroup;
			children = (
				0D697A9E28F5413E00C7CD67 /* Moments */,
				0D697AB128F5413E00C7CD67 /* InternalMenu */,
				0D697AC528F5413E00C7CD67 /* Moments-SwiftUI */,
			);
			path = Features;
			sourceTree = "<group>";
		};
		0D697A9E28F5413E00C7CD67 /* Moments */ = {
			isa = PBXGroup;
			children = (
				0D697A9F28F5413E00C7CD67 /* ViewModels */,
				0D697AA328F5413E00C7CD67 /* Networking */,
				0D697AA628F5413E00C7CD67 /* Repositories */,
				0D697AA828F5413E00C7CD67 /* Models */,
				0D697AAA28F5413E00C7CD67 /* Views */,
				0D697AAE28F5413E00C7CD67 /* Analytics */,
			);
			path = Moments;
			sourceTree = "<group>";
		};
		0D697A9F28F5413E00C7CD67 /* ViewModels */ = {
			isa = PBXGroup;
			children = (
				0D697AA028F5413E00C7CD67 /* UserProfileListItemViewModel.swift */,
				0D697AA128F5413E00C7CD67 /* MomentsTimelineViewModel.swift */,
				0D697AA228F5413E00C7CD67 /* MomentListItemViewModel.swift */,
			);
			path = ViewModels;
			sourceTree = "<group>";
		};
		0D697AA328F5413E00C7CD67 /* Networking */ = {
			isa = PBXGroup;
			children = (
				0D697AA428F5413E00C7CD67 /* GetMomentsByUserIDSession.swift */,
				0D697AA528F5413E00C7CD67 /* UpdateMomentLikeSession.swift */,
			);
			path = Networking;
			sourceTree = "<group>";
		};
		0D697AA628F5413E00C7CD67 /* Repositories */ = {
			isa = PBXGroup;
			children = (
				0D697AA728F5413E00C7CD67 /* MomentsRepo.swift */,
			);
			path = Repositories;
			sourceTree = "<group>";
		};
		0D697AA828F5413E00C7CD67 /* Models */ = {
			isa = PBXGroup;
			children = (
				0D697AA928F5413E00C7CD67 /* MomentsDetails.swift */,
			);
			path = Models;
			sourceTree = "<group>";
		};
		0D697AAA28F5413E00C7CD67 /* Views */ = {
			isa = PBXGroup;
			children = (
				0D697AAB28F5413E00C7CD67 /* MomentsTimelineViewController.swift */,
				0D697AAC28F5413E00C7CD67 /* MomentListItemView.swift */,
				0D697AAD28F5413E00C7CD67 /* UserProfileListItemView.swift */,
			);
			path = Views;
			sourceTree = "<group>";
		};
		0D697AAE28F5413E00C7CD67 /* Analytics */ = {
			isa = PBXGroup;
			children = (
				0D697AAF28F5413E00C7CD67 /* UnlikeActionTrackingEvent.swift */,
				0D697AB028F5413E00C7CD67 /* LikeActionTrackingEvent.swift */,
			);
			path = Analytics;
			sourceTree = "<group>";
		};
		0D697AB128F5413E00C7CD67 /* InternalMenu */ = {
			isa = PBXGroup;
			children = (
				0D697AB228F5413E00C7CD67 /* ViewModels */,
				0D697ABB28F5413E00C7CD67 /* Routing */,
				0D697ABE28F5413E00C7CD67 /* Views */,
			);
			path = InternalMenu;
			sourceTree = "<group>";
		};
		0D697AB228F5413E00C7CD67 /* ViewModels */ = {
			isa = PBXGroup;
			children = (
				0D697AB328F5413E00C7CD67 /* InternalMenuDesignKitDemoItemViewModel.swift */,
				0D697AB428F5413E00C7CD67 /* InternalMenuItemViewModel.swift */,
				0D697AB528F5413E00C7CD67 /* InternalMenuDescriptionItemViewModel.swift */,
				0D697AB628F5413E00C7CD67 /* InternalMenuFeatureToggleItemViewModel.swift */,
				0D697AB728F5413E00C7CD67 /* InternalMenuSection.swift */,
				0D697AB828F5413E00C7CD67 /* InternalMenuViewModel.swift */,
				0D697AB928F5413E00C7CD67 /* InternalMenuCrashAppItemViewModel.swift */,
				0D697ABA28F5413E00C7CD67 /* InternalMenuActionTriggerItemViewModel.swift */,
			);
			path = ViewModels;
			sourceTree = "<group>";
		};
		0D697ABB28F5413E00C7CD67 /* Routing */ = {
			isa = PBXGroup;
			children = (
				0D697ABC28F5413E00C7CD67 /* InternalMenuNavigator.swift */,
				0D697ABD28F5413E00C7CD67 /* DesignKitDemoNavigator.swift */,
			);
			path = Routing;
			sourceTree = "<group>";
		};
		0D697ABE28F5413E00C7CD67 /* Views */ = {
			isa = PBXGroup;
			children = (
				0D697ABF28F5413E00C7CD67 /* InternalMenuCellType.swift */,
				0D697AC028F5413E00C7CD67 /* InternalMenuViewController.swift */,
				0D697AC128F5413E00C7CD67 /* InternalMenuDescriptionCell.swift */,
				0D697AC228F5413E00C7CD67 /* DesignKitDemoViewController.swift */,
				0D697AC328F5413E00C7CD67 /* InternalMenuFeatureToggleCell.swift */,
				0D697AC428F5413E00C7CD67 /* InternalMenuActionTriggerCell.swift */,
			);
			path = Views;
			sourceTree = "<group>";
		};
		0D697AC528F5413E00C7CD67 /* Moments-SwiftUI */ = {
			isa = PBXGroup;
			children = (
				0D697AC628F5413E00C7CD67 /* ObservableObjects */,
				0D697AC928F5413E00C7CD67 /* Views */,
			);
			path = "Moments-SwiftUI";
			sourceTree = "<group>";
		};
		0D697AC628F5413E00C7CD67 /* ObservableObjects */ = {
			isa = PBXGroup;
			children = (
				0D697AC728F5413E00C7CD67 /* UserDataStoreObservableObject.swift */,
				0D697AC828F5413E00C7CD67 /* MomentsListObservableObject.swift */,
			);
			path = ObservableObjects;
			sourceTree = "<group>";
		};
		0D697AC928F5413E00C7CD67 /* Views */ = {
			isa = PBXGroup;
			children = (
				0D697ACA28F5413E00C7CD67 /* SwiftUIMomentsListItemView.swift */,
				0D697ACB28F5413E00C7CD67 /* BlurView.swift */,
				0D697ACC28F5413E00C7CD67 /* SwiftUIMomentListItemView.swift */,
				0D697ACD28F5413E00C7CD67 /* SwiftUIMomentsTimelineView.swift */,
				0D697ACE28F5413E00C7CD67 /* SwiftUIUserProfileListItemView.swift */,
			);
			path = Views;
			sourceTree = "<group>";
		};
		0D697ACF28F5413E00C7CD67 /* Foundations */ = {
			isa = PBXGroup;
			children = (
				0D697AD028F5413E00C7CD67 /* ViewModels */,
				0D697AD328F5413E00C7CD67 /* DateFormatter */,
				0D697AD528F5413E00C7CD67 /* Networking */,
				0D697AD828F5413E00C7CD67 /* ABTest */,
				0D697ADB28F5413E00C7CD67 /* RemoteConfig */,
				0D697ADF28F5413E00C7CD67 /* Debugging */,
				0D697AE128F5413E00C7CD67 /* Extensions */,
				0D697AE328F5413F00C7CD67 /* Utilities */,
				0D697AE628F5413F00C7CD67 /* Testing */,
				0D697AE828F5413F00C7CD67 /* DataStore */,
				0D697AEC28F5413F00C7CD67 /* Toggles */,
				0D697AF128F5413F00C7CD67 /* Routing */,
				0D697AF728F5413F00C7CD67 /* Views */,
				0D697AFE28F5413F00C7CD67 /* Analytics */,
			);
			path = Foundations;
			sourceTree = "<group>";
		};
		0D697AD028F5413E00C7CD67 /* ViewModels */ = {
			isa = PBXGroup;
			children = (
				0D697AD128F5413E00C7CD67 /* ListViewModel.swift */,
				0D697AD228F5413E00C7CD67 /* ListItemViewModel.swift */,
			);
			path = ViewModels;
			sourceTree = "<group>";
		};
		0D697AD328F5413E00C7CD67 /* DateFormatter */ = {
			isa = PBXGroup;
			children = (
				0D697AD428F5413E00C7CD67 /* RelativeDateTimeFormatterType.swift */,
			);
			path = DateFormatter;
			sourceTree = "<group>";
		};
		0D697AD528F5413E00C7CD67 /* Networking */ = {
			isa = PBXGroup;
			children = (
				0D697AD628F5413E00C7CD67 /* APISession.swift */,
				0D697AD728F5413E00C7CD67 /* API.swift */,
			);
			path = Networking;
			sourceTree = "<group>";
		};
		0D697AD828F5413E00C7CD67 /* ABTest */ = {
			isa = PBXGroup;
			children = (
				0D697AD928F5413E00C7CD67 /* ABTestProvider.swift */,
				0D697ADA28F5413E00C7CD67 /* FirebaseABTestProvider.swift */,
			);
			path = ABTest;
			sourceTree = "<group>";
		};
		0D697ADB28F5413E00C7CD67 /* RemoteConfig */ = {
			isa = PBXGroup;
			children = (
				0D697ADC28F5413E00C7CD67 /* RemoteConfigProvider.swift */,
				0D697ADD28F5413E00C7CD67 /* FirebaseRemoteConfigProvider.swift */,
				0D697ADE28F5413E00C7CD67 /* FirebaseRemoteConfigDefaults.plist */,
			);
			path = RemoteConfig;
			sourceTree = "<group>";
		};
		0D697ADF28F5413E00C7CD67 /* Debugging */ = {
			isa = PBXGroup;
			children = (
				0D697AE028F5413E00C7CD67 /* DebuggingUltils.swift */,
			);
			path = Debugging;
			sourceTree = "<group>";
		};
		0D697AE128F5413E00C7CD67 /* Extensions */ = {
			isa = PBXGroup;
			children = (
				0D697AE228F5413E00C7CD67 /* UIApplicationExtensions.swift */,
			);
			path = Extensions;
			sourceTree = "<group>";
		};
		0D697AE328F5413F00C7CD67 /* Utilities */ = {
			isa = PBXGroup;
			children = (
				0D697AE428F5413F00C7CD67 /* Functions.swift */,
				0D697AE528F5413F00C7CD67 /* Configuration.swift */,
			);
			path = Utilities;
			sourceTree = "<group>";
		};
		0D697AE628F5413F00C7CD67 /* Testing */ = {
			isa = PBXGroup;
			children = (
				0D697AE728F5413F00C7CD67 /* UnitTestViewController.swift */,
			);
			path = Testing;
			sourceTree = "<group>";
		};
		0D697AE828F5413F00C7CD67 /* DataStore */ = {
			isa = PBXGroup;
			children = (
				0D697AE928F5413F00C7CD67 /* UserDefaultsPersistentDataStore.swift */,
				0D697AEA28F5413F00C7CD67 /* PersistentDataStoreType.swift */,
				0D697AEB28F5413F00C7CD67 /* UserDataStore.swift */,
			);
			path = DataStore;
			sourceTree = "<group>";
		};
		0D697AEC28F5413F00C7CD67 /* Toggles */ = {
			isa = PBXGroup;
			children = (
				0D697AED28F5413F00C7CD67 /* InternalTogglesDataStore.swift */,
				0D697AEE28F5413F00C7CD67 /* TogglesDataStoreType.swift */,
				0D697AEF28F5413F00C7CD67 /* BuildTargetTogglesDataStore.swift */,
				0D697AF028F5413F00C7CD67 /* FirebaseRemoteTogglesDataStore.swift */,
			);
			path = Toggles;
			sourceTree = "<group>";
		};
		0D697AF128F5413F00C7CD67 /* Routing */ = {
			isa = PBXGroup;
			children = (
				0D697AF228F5413F00C7CD67 /* AppRouter.swift */,
				0D697AF328F5413F00C7CD67 /* Navigating.swift */,
				0D697AF428F5413F00C7CD67 /* TransitionType.swift */,
				0D697AF528F5413F00C7CD67 /* UniversalLinks.swift */,
				0D697AF628F5413F00C7CD67 /* AppRouting.swift */,
			);
			path = Routing;
			sourceTree = "<group>";
		};
		0D697AF728F5413F00C7CD67 /* Views */ = {
			isa = PBXGroup;
			children = (
				0D697AF828F5413F00C7CD67 /* BaseViewController.swift */,
				0D697AF928F5413F00C7CD67 /* BaseListItemView.swift */,
				0D697AFA28F5413F00C7CD67 /* BaseTableViewCell.swift */,
				0D697AFB28F5413F00C7CD67 /* BaseTableViewController.swift */,
				0D697AFC28F5413F00C7CD67 /* ListItemCell.swift */,
				0D697AFD28F5413F00C7CD67 /* ListItemView.swift */,
			);
			path = Views;
			sourceTree = "<group>";
		};
		0D697AFE28F5413F00C7CD67 /* Analytics */ = {
			isa = PBXGroup;
			children = (
				0D697AFF28F5413F00C7CD67 /* Common */,
				0D697B0628F5413F00C7CD67 /* Firebase */,
			);
			path = Analytics;
			sourceTree = "<group>";
		};
		0D697AFF28F5413F00C7CD67 /* Common */ = {
			isa = PBXGroup;
			children = (
				0D697B0028F5413F00C7CD67 /* TrackingRepo.swift */,
				0D697B0128F5413F00C7CD67 /* ActionTrackingEvent.swift */,
				0D697B0228F5413F00C7CD67 /* TrackingProvider.swift */,
				0D697B0328F5413F00C7CD67 /* TrackingEventType.swift */,
				0D697B0428F5413F00C7CD67 /* TrackingEvent.swift */,
				0D697B0528F5413F00C7CD67 /* ScreenviewsTrackingEvent.swift */,
			);
			path = Common;
			sourceTree = "<group>";
		};
		0D697B0628F5413F00C7CD67 /* Firebase */ = {
			isa = PBXGroup;
			children = (
				0D697B0728F5413F00C7CD67 /* FirebaseActionTrackingEvent.swift */,
				0D697B0828F5413F00C7CD67 /* FirebaseTrackingProvider.swift */,
			);
			path = Firebase;
			sourceTree = "<group>";
		};
		0D697B0928F5413F00C7CD67 /* Generated */ = {
			isa = PBXGroup;
			children = (
				0D697B0A28F5413F00C7CD67 /* Strings.swift */,
			);
			path = Generated;
			sourceTree = "<group>";
		};
		0D8440AF28F414DE00E37E4F /* Resources */ = {
			isa = PBXGroup;
			children = (
				0D8440B328F414DE00E37E4F /* LaunchScreen.storyboard */,
				0D8440B028F414DE00E37E4F /* Localizable.strings */,
			);
			path = Resources;
			sourceTree = "<group>";
		};
		0DABF76728F3C84D007FAD5B = {
			isa = PBXGroup;
			children = (
				0DABF77228F3C84D007FAD5B /* Demo */,
				0DABF78928F3C852007FAD5B /* DemoTests */,
				0DABF79328F3C852007FAD5B /* DemoUITests */,
				0DABF77128F3C84D007FAD5B /* Products */,
				261F36024DFC375D0DE1BA52 /* Pods */,
				67C4945D2FB16D9E6E6F4552 /* Frameworks */,
			);
			sourceTree = "<group>";
		};
		0DABF77128F3C84D007FAD5B /* Products */ = {
			isa = PBXGroup;
			children = (
				0DABF77028F3C84D007FAD5B /* Demo.app */,
				0DABF78628F3C852007FAD5B /* DemoTests.xctest */,
				0DABF79028F3C852007FAD5B /* DemoUITests.xctest */,
			);
			name = Products;
			sourceTree = "<group>";
		};
		0DABF77228F3C84D007FAD5B /* Demo */ = {
			isa = PBXGroup;
			children = (
				0D697A9D28F5413E00C7CD67 /* Features */,
				0D697ACF28F5413E00C7CD67 /* Foundations */,
				0D697B0928F5413F00C7CD67 /* Generated */,
				0DABF7A328F3CA03007FAD5B /* Configurations */,
				0D8440AF28F414DE00E37E4F /* Resources */,
				0DABF77328F3C84D007FAD5B /* AppDelegate.swift */,
				0D8440B928F4174300E37E4F /* main.swift */,
				0DABF77528F3C84D007FAD5B /* SceneDelegate.swift */,
				0DABF77C28F3C851007FAD5B /* Assets.xcassets */,
				0DABF78128F3C851007FAD5B /* Info.plist */,
			);
			path = Demo;
			sourceTree = "<group>";
		};
		0DABF78928F3C852007FAD5B /* DemoTests */ = {
			isa = PBXGroup;
			children = (
				0D697A6928F5180800C7CD67 /* Features */,
				0D697A7728F5180800C7CD67 /* Utilities */,
			);
			path = DemoTests;
			sourceTree = "<group>";
		};
		0DABF79328F3C852007FAD5B /* DemoUITests */ = {
			isa = PBXGroup;
			children = (
				0DABF79428F3C852007FAD5B /* DemoUITests.swift */,
				0DABF79628F3C852007FAD5B /* DemoUITestsLaunchTests.swift */,
			);
			path = DemoUITests;
			sourceTree = "<group>";
		};
		0DABF7A328F3CA03007FAD5B /* Configurations */ = {
			isa = PBXGroup;
			children = (
				0DABF7A428F3CA03007FAD5B /* Targets */,
				0DABF7A928F3CA03007FAD5B /* Shared */,
				0DABF7AD28F3CA03007FAD5B /* Project */,
				0DABF7B228F3CA03007FAD5B /* Firebase */,
			);
			path = Configurations;
			sourceTree = "<group>";
		};
		0DABF7A428F3CA03007FAD5B /* Targets */ = {
			isa = PBXGroup;
			children = (
				0DABF7A828F3CA03007FAD5B /* BaseTarget.xcconfig */,
				0DABF7A628F3CA03007FAD5B /* DebugTarget.xcconfig */,
				0DABF7A728F3CA03007FAD5B /* InternalTarget.xcconfig */,
				0DABF7A528F3CA03007FAD5B /* AppStoreTarget.xcconfig */,
			);
			path = Targets;
			sourceTree = "<group>";
		};
		0DABF7A928F3CA03007FAD5B /* Shared */ = {
			isa = PBXGroup;
			children = (
				0DABF7AB28F3CA03007FAD5B /* BaseConfigurations.xcconfig */,
				0DABF7AA28F3CA03007FAD5B /* CompilerAndLanguage.xcconfig */,
				0DABF7AC28F3CA03007FAD5B /* SDKAndDeviceSupport.xcconfig */,
			);
			path = Shared;
			sourceTree = "<group>";
		};
		0DABF7AD28F3CA03007FAD5B /* Project */ = {
			isa = PBXGroup;
			children = (
				0DABF7B128F3CA03007FAD5B /* BaseProject.xcconfig */,
				0DABF7B028F3CA03007FAD5B /* DebugProject.xcconfig */,
				0DABF7AE28F3CA03007FAD5B /* InternalProject.xcconfig */,
				0DABF7AF28F3CA03007FAD5B /* AppStoreProject.xcconfig */,
			);
			path = Project;
			sourceTree = "<group>";
		};
		0DABF7B228F3CA03007FAD5B /* Firebase */ = {
			isa = PBXGroup;
			children = (
				0DABF7B328F3CA03007FAD5B /* GoogleService-Info-Development.plist */,
				0DABF7B428F3CA03007FAD5B /* GoogleService-Info-Internal.plist */,
				0DABF7B528F3CA03007FAD5B /* GoogleService-Info-AppStore.plist */,
			);
			path = Firebase;
			sourceTree = "<group>";
		};
		261F36024DFC375D0DE1BA52 /* Pods */ = {
			isa = PBXGroup;
			children = (
				2445345B8C8E42E77A72B795 /* Pods-Demo.debug.xcconfig */,
				C9BC4A5DB7E4EFC101A81981 /* Pods-Demo.release.xcconfig */,
				FE1E8B8F870B7C9D7E381AB5 /* Pods-DemoTests.debug.xcconfig */,
				EBD524DA195D885377217B8A /* Pods-DemoTests.release.xcconfig */,
				2D38D8358D373611EC6809E0 /* Pods-Demo.appstore.xcconfig */,
				AE2C7FCF2349E65DB55935CA /* Pods-Demo.internal.xcconfig */,
				96681D143F21F9D55C012142 /* Pods-DemoTests.appstore.xcconfig */,
				283F6E916AD6E28693364CFE /* Pods-DemoTests.internal.xcconfig */,
			);
			name = Pods;
			path = ../Pods;
			sourceTree = "<group>";
		};
		67C4945D2FB16D9E6E6F4552 /* Frameworks */ = {
			isa = PBXGroup;
			children = (
				EDB709A25EFE7071C6A543DE /* Pods_Demo.framework */,
				5D3579F1814C90702E7ACB72 /* Pods_DemoTests.framework */,
			);
			name = Frameworks;
			sourceTree = "<group>";
		};
/* End PBXGroup section */

/* Begin PBXNativeTarget section */
		0DABF76F28F3C84D007FAD5B /* Demo */ = {
			isa = PBXNativeTarget;
			buildConfigurationList = 0DABF79A28F3C852007FAD5B /* Build configuration list for PBXNativeTarget "Demo" */;
			buildPhases = (
				6E41A31D7E1FE0BF3A7B09EC /* [CP] Check Pods Manifest.lock */,
				0D8440AA28F413A300E37E4F /* Run SwiftGen */,
				0DABF76C28F3C84D007FAD5B /* Sources */,
				0D84400028F4016200E37E4F /* Run SwiftLint */,
				0D8440BB28F420AD00E37E4F /* Copy Firebase Config File */,
				0DABF76D28F3C84D007FAD5B /* Frameworks */,
				0DABF76E28F3C84D007FAD5B /* Resources */,
				DB47B4D619B901028A0DD67B /* [CP] Embed Pods Frameworks */,
				0D8440BC28F420FE00E37E4F /* Firebase Crashlytics  */,
			);
			buildRules = (
			);
			dependencies = (
			);
			name = Demo;
			productName = Demo;
			productReference = 0DABF77028F3C84D007FAD5B /* Demo.app */;
			productType = "com.apple.product-type.application";
		};
		0DABF78528F3C852007FAD5B /* DemoTests */ = {
			isa = PBXNativeTarget;
			buildConfigurationList = 0DABF79D28F3C852007FAD5B /* Build configuration list for PBXNativeTarget "DemoTests" */;
			buildPhases = (
				2F9D156046CAFAA259A1852A /* [CP] Check Pods Manifest.lock */,
				0DABF78228F3C852007FAD5B /* Sources */,
				0DABF78328F3C852007FAD5B /* Frameworks */,
				0DABF78428F3C852007FAD5B /* Resources */,
				BB686F6C8BDF60AD1C634AD6 /* [CP] Embed Pods Frameworks */,
			);
			buildRules = (
			);
			dependencies = (
				0DABF78828F3C852007FAD5B /* PBXTargetDependency */,
			);
			name = DemoTests;
			productName = DemoTests;
			productReference = 0DABF78628F3C852007FAD5B /* DemoTests.xctest */;
			productType = "com.apple.product-type.bundle.unit-test";
		};
		0DABF78F28F3C852007FAD5B /* DemoUITests */ = {
			isa = PBXNativeTarget;
			buildConfigurationList = 0DABF7A028F3C852007FAD5B /* Build configuration list for PBXNativeTarget "DemoUITests" */;
			buildPhases = (
				0DABF78C28F3C852007FAD5B /* Sources */,
				0DABF78D28F3C852007FAD5B /* Frameworks */,
				0DABF78E28F3C852007FAD5B /* Resources */,
			);
			buildRules = (
			);
			dependencies = (
				0DABF79228F3C852007FAD5B /* PBXTargetDependency */,
			);
			name = DemoUITests;
			productName = DemoUITests;
			productReference = 0DABF79028F3C852007FAD5B /* DemoUITests.xctest */;
			productType = "com.apple.product-type.bundle.ui-testing";
		};
/* End PBXNativeTarget section */

/* Begin PBXProject section */
		0DABF76828F3C84D007FAD5B /* Project object */ = {
			isa = PBXProject;
			attributes = {
				BuildIndependentTargetsInParallel = YES;
				LastSwiftUpdateCheck = 1320;
				LastUpgradeCheck = 1320;
				TargetAttributes = {
					0DABF76F28F3C84D007FAD5B = {
						CreatedOnToolsVersion = 13.2.1;
					};
					0DABF78528F3C852007FAD5B = {
						CreatedOnToolsVersion = 13.2.1;
						TestTargetID = 0DABF76F28F3C84D007FAD5B;
					};
					0DABF78F28F3C852007FAD5B = {
						CreatedOnToolsVersion = 13.2.1;
						TestTargetID = 0DABF76F28F3C84D007FAD5B;
					};
				};
			};
			buildConfigurationList = 0DABF76B28F3C84D007FAD5B /* Build configuration list for PBXProject "Demo" */;
			compatibilityVersion = "Xcode 13.0";
			developmentRegion = en;
			hasScannedForEncodings = 0;
			knownRegions = (
				en,
				Base,
				"zh-Hans",
			);
			mainGroup = 0DABF76728F3C84D007FAD5B;
			productRefGroup = 0DABF77128F3C84D007FAD5B /* Products */;
			projectDirPath = "";
			projectRoot = "";
			targets = (
				0DABF76F28F3C84D007FAD5B /* Demo */,
				0DABF78528F3C852007FAD5B /* DemoTests */,
				0DABF78F28F3C852007FAD5B /* DemoUITests */,
			);
		};
/* End PBXProject section */

/* Begin PBXResourcesBuildPhase section */
		0DABF76E28F3C84D007FAD5B /* Resources */ = {
			isa = PBXResourcesBuildPhase;
			buildActionMask = 2147483647;
			files = (
				0D8440B628F414DE00E37E4F /* LaunchScreen.storyboard in Resources */,
				0DABF77D28F3C851007FAD5B /* Assets.xcassets in Resources */,
				0D8440B528F414DE00E37E4F /* Localizable.strings in Resources */,
				0D697B3728F5413F00C7CD67 /* FirebaseRemoteConfigDefaults.plist in Resources */,
			);
			runOnlyForDeploymentPostprocessing = 0;
		};
		0DABF78428F3C852007FAD5B /* Resources */ = {
			isa = PBXResourcesBuildPhase;
			buildActionMask = 2147483647;
			files = (
			);
			runOnlyForDeploymentPostprocessing = 0;
		};
		0DABF78E28F3C852007FAD5B /* Resources */ = {
			isa = PBXResourcesBuildPhase;
			buildActionMask = 2147483647;
			files = (
			);
			runOnlyForDeploymentPostprocessing = 0;
		};
/* End PBXResourcesBuildPhase section */

/* Begin PBXShellScriptBuildPhase section */
		0D84400028F4016200E37E4F /* Run SwiftLint */ = {
			isa = PBXShellScriptBuildPhase;
			buildActionMask = 2147483647;
			files = (
			);
			inputFileListPaths = (
			);
			inputPaths = (
			);
			name = "Run SwiftLint";
			outputFileListPaths = (
			);
			outputPaths = (
			);
			runOnlyForDeploymentPostprocessing = 0;
			shellPath = /bin/sh;
			shellScript = "\"${PODS_ROOT}/SwiftLint/swiftlint\"\n\n";
		};
		0D8440AA28F413A300E37E4F /* Run SwiftGen */ = {
			isa = PBXShellScriptBuildPhase;
			buildActionMask = 2147483647;
			files = (
			);
			inputFileListPaths = (
			);
			inputPaths = (
			);
			name = "Run SwiftGen";
			outputFileListPaths = (
			);
			outputPaths = (
			);
			runOnlyForDeploymentPostprocessing = 0;
			shellPath = /bin/sh;
			shellScript = "\"${PODS_ROOT}/SwiftGen/bin/swiftgen\"\n";
		};
		0D8440BB28F420AD00E37E4F /* Copy Firebase Config File */ = {
			isa = PBXShellScriptBuildPhase;
			buildActionMask = 2147483647;
			files = (
			);
			inputFileListPaths = (
			);
			inputPaths = (
			);
			name = "Copy Firebase Config File";
			outputFileListPaths = (
			);
			outputPaths = (
			);
			runOnlyForDeploymentPostprocessing = 0;
			shellPath = /bin/sh;
			shellScript = "cp \"${PROJECT_DIR}/Demo/Configurations/Firebase/${FIREBASE_CONFIG_FILENAME}.plist\" \"${BUILT_PRODUCTS_DIR}/${FULL_PRODUCT_NAME}/GoogleService-Info.plist\"\n\n";
		};
		0D8440BC28F420FE00E37E4F /* Firebase Crashlytics  */ = {
			isa = PBXShellScriptBuildPhase;
			buildActionMask = 2147483647;
			files = (
			);
			inputFileListPaths = (
			);
			inputPaths = (
			);
			name = "Firebase Crashlytics ";
			outputFileListPaths = (
			);
			outputPaths = (
			);
			runOnlyForDeploymentPostprocessing = 0;
			shellPath = /bin/sh;
			shellScript = "${PODS_ROOT}/FirebaseCrashlytics/run\n\n";
		};
		2F9D156046CAFAA259A1852A /* [CP] Check Pods Manifest.lock */ = {
			isa = PBXShellScriptBuildPhase;
			buildActionMask = 2147483647;
			files = (
			);
			inputFileListPaths = (
			);
			inputPaths = (
				"${PODS_PODFILE_DIR_PATH}/Podfile.lock",
				"${PODS_ROOT}/Manifest.lock",
			);
			name = "[CP] Check Pods Manifest.lock";
			outputFileListPaths = (
			);
			outputPaths = (
				"$(DERIVED_FILE_DIR)/Pods-DemoTests-checkManifestLockResult.txt",
			);
			runOnlyForDeploymentPostprocessing = 0;
			shellPath = /bin/sh;
			shellScript = "diff \"${PODS_PODFILE_DIR_PATH}/Podfile.lock\" \"${PODS_ROOT}/Manifest.lock\" > /dev/null\nif [ $? != 0 ] ; then\n    # print error to STDERR\n    echo \"error: The sandbox is not in sync with the Podfile.lock. Run 'pod install' or update your CocoaPods installation.\" >&2\n    exit 1\nfi\n# This output is used by Xcode 'outputs' to avoid re-running this script phase.\necho \"SUCCESS\" > \"${SCRIPT_OUTPUT_FILE_0}\"\n";
			showEnvVarsInLog = 0;
		};
		6E41A31D7E1FE0BF3A7B09EC /* [CP] Check Pods Manifest.lock */ = {
			isa = PBXShellScriptBuildPhase;
			buildActionMask = 2147483647;
			files = (
			);
			inputFileListPaths = (
			);
			inputPaths = (
				"${PODS_PODFILE_DIR_PATH}/Podfile.lock",
				"${PODS_ROOT}/Manifest.lock",
			);
			name = "[CP] Check Pods Manifest.lock";
			outputFileListPaths = (
			);
			outputPaths = (
				"$(DERIVED_FILE_DIR)/Pods-Demo-checkManifestLockResult.txt",
			);
			runOnlyForDeploymentPostprocessing = 0;
			shellPath = /bin/sh;
			shellScript = "diff \"${PODS_PODFILE_DIR_PATH}/Podfile.lock\" \"${PODS_ROOT}/Manifest.lock\" > /dev/null\nif [ $? != 0 ] ; then\n    # print error to STDERR\n    echo \"error: The sandbox is not in sync with the Podfile.lock. Run 'pod install' or update your CocoaPods installation.\" >&2\n    exit 1\nfi\n# This output is used by Xcode 'outputs' to avoid re-running this script phase.\necho \"SUCCESS\" > \"${SCRIPT_OUTPUT_FILE_0}\"\n";
			showEnvVarsInLog = 0;
		};
		BB686F6C8BDF60AD1C634AD6 /* [CP] Embed Pods Frameworks */ = {
			isa = PBXShellScriptBuildPhase;
			buildActionMask = 2147483647;
			files = (
			);
			inputFileListPaths = (
				"${PODS_ROOT}/Target Support Files/Pods-DemoTests/Pods-DemoTests-frameworks-${CONFIGURATION}-input-files.xcfilelist",
			);
			name = "[CP] Embed Pods Frameworks";
			outputFileListPaths = (
				"${PODS_ROOT}/Target Support Files/Pods-DemoTests/Pods-DemoTests-frameworks-${CONFIGURATION}-output-files.xcfilelist",
			);
			runOnlyForDeploymentPostprocessing = 0;
			shellPath = /bin/sh;
			shellScript = "\"${PODS_ROOT}/Target Support Files/Pods-DemoTests/Pods-DemoTests-frameworks.sh\"\n";
			showEnvVarsInLog = 0;
		};
		DB47B4D619B901028A0DD67B /* [CP] Embed Pods Frameworks */ = {
			isa = PBXShellScriptBuildPhase;
			buildActionMask = 2147483647;
			files = (
			);
			inputFileListPaths = (
				"${PODS_ROOT}/Target Support Files/Pods-Demo/Pods-Demo-frameworks-${CONFIGURATION}-input-files.xcfilelist",
			);
			name = "[CP] Embed Pods Frameworks";
			outputFileListPaths = (
				"${PODS_ROOT}/Target Support Files/Pods-Demo/Pods-Demo-frameworks-${CONFIGURATION}-output-files.xcfilelist",
			);
			runOnlyForDeploymentPostprocessing = 0;
			shellPath = /bin/sh;
			shellScript = "\"${PODS_ROOT}/Target Support Files/Pods-Demo/Pods-Demo-frameworks.sh\"\n";
			showEnvVarsInLog = 0;
		};
/* End PBXShellScriptBuildPhase section */

/* Begin PBXSourcesBuildPhase section */
		0DABF76C28F3C84D007FAD5B /* Sources */ = {
			isa = PBXSourcesBuildPhase;
			buildActionMask = 2147483647;
			files = (
				0D697B4928F5413F00C7CD67 /* BaseViewController.swift in Sources */,
				0D697B2728F5413F00C7CD67 /* UserDataStoreObservableObject.swift in Sources */,
				0D697B2428F5413F00C7CD67 /* DesignKitDemoViewController.swift in Sources */,
				0D697B4628F5413F00C7CD67 /* TransitionType.swift in Sources */,
				0D697B1128F5413F00C7CD67 /* MomentsDetails.swift in Sources */,
				0D697B5528F5414000C7CD67 /* FirebaseActionTrackingEvent.swift in Sources */,
				0D697B3028F5413F00C7CD67 /* RelativeDateTimeFormatterType.swift in Sources */,
				0D697B2B28F5413F00C7CD67 /* SwiftUIMomentListItemView.swift in Sources */,
				0D697B1328F5413F00C7CD67 /* MomentListItemView.swift in Sources */,
				0D697B0B28F5413F00C7CD67 /* UserProfileListItemViewModel.swift in Sources */,
				0D697B4F28F5413F00C7CD67 /* TrackingRepo.swift in Sources */,
				0D697B2D28F5413F00C7CD67 /* SwiftUIUserProfileListItemView.swift in Sources */,
				0D697B4428F5413F00C7CD67 /* AppRouter.swift in Sources */,
				0D697B1A28F5413F00C7CD67 /* InternalMenuFeatureToggleItemViewModel.swift in Sources */,
				0D8440BA28F4174300E37E4F /* main.swift in Sources */,
				0D697B1828F5413F00C7CD67 /* InternalMenuItemViewModel.swift in Sources */,
				0D697B2928F5413F00C7CD67 /* SwiftUIMomentsListItemView.swift in Sources */,
				0D697B4E28F5413F00C7CD67 /* ListItemView.swift in Sources */,
				0D697B3228F5413F00C7CD67 /* API.swift in Sources */,
				0D697B4528F5413F00C7CD67 /* Navigating.swift in Sources */,
				0D697B3A28F5413F00C7CD67 /* Functions.swift in Sources */,
				0D697B4728F5413F00C7CD67 /* UniversalLinks.swift in Sources */,
				0D697B0C28F5413F00C7CD67 /* MomentsTimelineViewModel.swift in Sources */,
				0D697B3428F5413F00C7CD67 /* FirebaseABTestProvider.swift in Sources */,
				0D697B1528F5413F00C7CD67 /* UnlikeActionTrackingEvent.swift in Sources */,
				0D697B4B28F5413F00C7CD67 /* BaseTableViewCell.swift in Sources */,
				0D697B3928F5413F00C7CD67 /* UIApplicationExtensions.swift in Sources */,
				0D697B3E28F5413F00C7CD67 /* PersistentDataStoreType.swift in Sources */,
				0D697B0D28F5413F00C7CD67 /* MomentListItemViewModel.swift in Sources */,
				0D697B0F28F5413F00C7CD67 /* UpdateMomentLikeSession.swift in Sources */,
				0D697B4228F5413F00C7CD67 /* BuildTargetTogglesDataStore.swift in Sources */,
				0D697B0E28F5413F00C7CD67 /* GetMomentsByUserIDSession.swift in Sources */,
				0D697B2528F5413F00C7CD67 /* InternalMenuFeatureToggleCell.swift in Sources */,
				0D697B3F28F5413F00C7CD67 /* UserDataStore.swift in Sources */,
				0D697B1F28F5413F00C7CD67 /* InternalMenuNavigator.swift in Sources */,
				0D697B1028F5413F00C7CD67 /* MomentsRepo.swift in Sources */,
				0D697B4028F5413F00C7CD67 /* InternalTogglesDataStore.swift in Sources */,
				0D697B1C28F5413F00C7CD67 /* InternalMenuViewModel.swift in Sources */,
				0D697B2C28F5413F00C7CD67 /* SwiftUIMomentsTimelineView.swift in Sources */,
				0D697B2628F5413F00C7CD67 /* InternalMenuActionTriggerCell.swift in Sources */,
				0D697B3B28F5413F00C7CD67 /* Configuration.swift in Sources */,
				0D697B4C28F5413F00C7CD67 /* BaseTableViewController.swift in Sources */,
				0D697B1628F5413F00C7CD67 /* LikeActionTrackingEvent.swift in Sources */,
				0D697B1928F5413F00C7CD67 /* InternalMenuDescriptionItemViewModel.swift in Sources */,
				0D697B1728F5413F00C7CD67 /* InternalMenuDesignKitDemoItemViewModel.swift in Sources */,
				0D697B2A28F5413F00C7CD67 /* BlurView.swift in Sources */,
				0D697B2028F5413F00C7CD67 /* DesignKitDemoNavigator.swift in Sources */,
				0D697B1428F5413F00C7CD67 /* UserProfileListItemView.swift in Sources */,
				0DABF77428F3C84D007FAD5B /* AppDelegate.swift in Sources */,
				0D697B1228F5413F00C7CD67 /* MomentsTimelineViewController.swift in Sources */,
				0D697B4D28F5413F00C7CD67 /* ListItemCell.swift in Sources */,
				0D697B2828F5413F00C7CD67 /* MomentsListObservableObject.swift in Sources */,
				0D697B2228F5413F00C7CD67 /* InternalMenuViewController.swift in Sources */,
				0D697B3C28F5413F00C7CD67 /* UnitTestViewController.swift in Sources */,
				0D697B5728F5414000C7CD67 /* Strings.swift in Sources */,
				0D697B2128F5413F00C7CD67 /* InternalMenuCellType.swift in Sources */,
				0D697B3528F5413F00C7CD67 /* RemoteConfigProvider.swift in Sources */,
				0D697B5028F5413F00C7CD67 /* ActionTrackingEvent.swift in Sources */,
				0D697B2F28F5413F00C7CD67 /* ListItemViewModel.swift in Sources */,
				0DABF77628F3C84D007FAD5B /* SceneDelegate.swift in Sources */,
				0D697B3628F5413F00C7CD67 /* FirebaseRemoteConfigProvider.swift in Sources */,
				0D697B4828F5413F00C7CD67 /* AppRouting.swift in Sources */,
				0D697B1E28F5413F00C7CD67 /* InternalMenuActionTriggerItemViewModel.swift in Sources */,
				0D697B3828F5413F00C7CD67 /* DebuggingUltils.swift in Sources */,
				0D697B2E28F5413F00C7CD67 /* ListViewModel.swift in Sources */,
				0D697B5628F5414000C7CD67 /* FirebaseTrackingProvider.swift in Sources */,
				0D697B5328F5414000C7CD67 /* TrackingEvent.swift in Sources */,
				0D697B1B28F5413F00C7CD67 /* InternalMenuSection.swift in Sources */,
				0D697B2328F5413F00C7CD67 /* InternalMenuDescriptionCell.swift in Sources */,
				0D697B4128F5413F00C7CD67 /* TogglesDataStoreType.swift in Sources */,
				0D697B4A28F5413F00C7CD67 /* BaseListItemView.swift in Sources */,
				0D697B4328F5413F00C7CD67 /* FirebaseRemoteTogglesDataStore.swift in Sources */,
				0D697B3328F5413F00C7CD67 /* ABTestProvider.swift in Sources */,
				0D697B5228F5414000C7CD67 /* TrackingEventType.swift in Sources */,
				0D697B1D28F5413F00C7CD67 /* InternalMenuCrashAppItemViewModel.swift in Sources */,
				0D697B5428F5414000C7CD67 /* ScreenviewsTrackingEvent.swift in Sources */,
				0D697B3128F5413F00C7CD67 /* APISession.swift in Sources */,
				0D697B5128F5414000C7CD67 /* TrackingProvider.swift in Sources */,
				0D697B3D28F5413F00C7CD67 /* UserDefaultsPersistentDataStore.swift in Sources */,
			);
			runOnlyForDeploymentPostprocessing = 0;
		};
		0DABF78228F3C852007FAD5B /* Sources */ = {
			isa = PBXSourcesBuildPhase;
			buildActionMask = 2147483647;
			files = (
				0D697A8928F5180800C7CD67 /* TestObserver.swift in Sources */,
				0D697A8728F5180800C7CD67 /* MockError.swift in Sources */,
				0D697A8328F5180800C7CD67 /* MomentsRepoTests.swift in Sources */,
				0D697A7E28F5180800C7CD67 /* MomentsTimelineViewModelTests.swift in Sources */,
				0D697A8828F5180800C7CD67 /* MockTrackingRepo.swift in Sources */,
				0D697A8628F5180800C7CD67 /* TestFixture.swift in Sources */,
				0D697A7F28F5180800C7CD67 /* UserProfileListItemViewModelTests.swift in Sources */,
				0D697A8B28F5180800C7CD67 /* EquatableViaDump.swift in Sources */,
				0D697A8028F5180800C7CD67 /* MomentListItemViewModelTests.swift in Sources */,
				0D697A8528F5180800C7CD67 /* LikeActionTrackingEventTests.swift in Sources */,
				0D697A8428F5180800C7CD67 /* UnlikeActionTrackingEventTests.swift in Sources */,
				0D697A8228F5180800C7CD67 /* GetMomentsByUserIDSessionTests.swift in Sources */,
				0D697A8A28F5180800C7CD67 /* MockNow.swift in Sources */,
				0D697A8128F5180800C7CD67 /* UpdateMomentLikeSessionTests.swift in Sources */,
			);
			runOnlyForDeploymentPostprocessing = 0;
		};
		0DABF78C28F3C852007FAD5B /* Sources */ = {
			isa = PBXSourcesBuildPhase;
			buildActionMask = 2147483647;
			files = (
				0DABF79528F3C852007FAD5B /* DemoUITests.swift in Sources */,
				0DABF79728F3C852007FAD5B /* DemoUITestsLaunchTests.swift in Sources */,
			);
			runOnlyForDeploymentPostprocessing = 0;
		};
/* End PBXSourcesBuildPhase section */

/* Begin PBXTargetDependency section */
		0DABF78828F3C852007FAD5B /* PBXTargetDependency */ = {
			isa = PBXTargetDependency;
			target = 0DABF76F28F3C84D007FAD5B /* Demo */;
			targetProxy = 0DABF78728F3C852007FAD5B /* PBXContainerItemProxy */;
		};
		0DABF79228F3C852007FAD5B /* PBXTargetDependency */ = {
			isa = PBXTargetDependency;
			target = 0DABF76F28F3C84D007FAD5B /* Demo */;
			targetProxy = 0DABF79128F3C852007FAD5B /* PBXContainerItemProxy */;
		};
/* End PBXTargetDependency section */

/* Begin PBXVariantGroup section */
		0D8440B028F414DE00E37E4F /* Localizable.strings */ = {
			isa = PBXVariantGroup;
			children = (
				0D8440B128F414DE00E37E4F /* zh-Hans */,
				0D8440B228F414DE00E37E4F /* en */,
			);
			name = Localizable.strings;
			sourceTree = "<group>";
		};
		0D8440B328F414DE00E37E4F /* LaunchScreen.storyboard */ = {
			isa = PBXVariantGroup;
			children = (
				0D8440B428F414DE00E37E4F /* Base */,
			);
			name = LaunchScreen.storyboard;
			sourceTree = "<group>";
		};
/* End PBXVariantGroup section */

/* Begin XCBuildConfiguration section */
		0DABF79828F3C852007FAD5B /* Debug */ = {
			isa = XCBuildConfiguration;
			baseConfigurationReference = 0DABF7B028F3CA03007FAD5B /* DebugProject.xcconfig */;
			buildSettings = {
				ALWAYS_EMBED_SWIFT_STANDARD_LIBRARIES = NO;
				ALWAYS_SEARCH_USER_PATHS = NO;
				CLANG_ANALYZER_LOCALIZABILITY_NONLOCALIZED = YES;
				CLANG_ANALYZER_NONNULL = YES;
				CLANG_ANALYZER_NUMBER_OBJECT_CONVERSION = YES_AGGRESSIVE;
				CLANG_CXX_LANGUAGE_STANDARD = "gnu++17";
				CLANG_CXX_LIBRARY = "libc++";
				CLANG_ENABLE_MODULES = YES;
				CLANG_ENABLE_OBJC_ARC = YES;
				CLANG_ENABLE_OBJC_WEAK = YES;
				CLANG_WARN_BLOCK_CAPTURE_AUTORELEASING = YES;
				CLANG_WARN_BOOL_CONVERSION = YES;
				CLANG_WARN_COMMA = YES;
				CLANG_WARN_CONSTANT_CONVERSION = YES;
				CLANG_WARN_DEPRECATED_OBJC_IMPLEMENTATIONS = YES;
				CLANG_WARN_DIRECT_OBJC_ISA_USAGE = YES_ERROR;
				CLANG_WARN_DOCUMENTATION_COMMENTS = YES;
				CLANG_WARN_EMPTY_BODY = YES;
				CLANG_WARN_ENUM_CONVERSION = YES;
				CLANG_WARN_INFINITE_RECURSION = YES;
				CLANG_WARN_INT_CONVERSION = YES;
				CLANG_WARN_NON_LITERAL_NULL_CONVERSION = YES;
				CLANG_WARN_OBJC_IMPLICIT_RETAIN_SELF = YES;
				CLANG_WARN_OBJC_LITERAL_CONVERSION = YES;
				CLANG_WARN_OBJC_ROOT_CLASS = YES_ERROR;
				CLANG_WARN_QUOTED_INCLUDE_IN_FRAMEWORK_HEADER = YES;
				CLANG_WARN_RANGE_LOOP_ANALYSIS = YES;
				CLANG_WARN_STRICT_PROTOTYPES = YES;
				CLANG_WARN_SUSPICIOUS_MOVE = YES;
				CLANG_WARN_UNGUARDED_AVAILABILITY = YES_AGGRESSIVE;
				CLANG_WARN_UNREACHABLE_CODE = YES;
				CLANG_WARN__DUPLICATE_METHOD_MATCH = YES;
				COPY_PHASE_STRIP = NO;
				DEBUG_INFORMATION_FORMAT = dwarf;
				ENABLE_STRICT_OBJC_MSGSEND = YES;
				ENABLE_TESTABILITY = YES;
				GCC_C_LANGUAGE_STANDARD = gnu11;
				GCC_DYNAMIC_NO_PIC = NO;
				GCC_NO_COMMON_BLOCKS = YES;
				GCC_OPTIMIZATION_LEVEL = 0;
				GCC_PREPROCESSOR_DEFINITIONS = (
					"DEBUG=1",
					"$(inherited)",
				);
				GCC_WARN_64_TO_32_BIT_CONVERSION = YES;
				GCC_WARN_ABOUT_RETURN_TYPE = YES_ERROR;
				GCC_WARN_UNDECLARED_SELECTOR = YES;
				GCC_WARN_UNINITIALIZED_AUTOS = YES_AGGRESSIVE;
				GCC_WARN_UNUSED_FUNCTION = YES;
				GCC_WARN_UNUSED_VARIABLE = YES;
				IPHONEOS_DEPLOYMENT_TARGET = 14.0;
				MTL_ENABLE_DEBUG_INFO = INCLUDE_SOURCE;
				MTL_FAST_MATH = YES;
				ONLY_ACTIVE_ARCH = YES;
				SDKROOT = iphoneos;
				SWIFT_ACTIVE_COMPILATION_CONDITIONS = DEBUG;
				SWIFT_OPTIMIZATION_LEVEL = "-Onone";
			};
			name = Debug;
		};
		0DABF79B28F3C852007FAD5B /* Debug */ = {
			isa = XCBuildConfiguration;
			baseConfigurationReference = 0DABF7A628F3CA03007FAD5B /* DebugTarget.xcconfig */;
			buildSettings = {
				ASSETCATALOG_COMPILER_APPICON_NAME = AppIcon;
				ASSETCATALOG_COMPILER_GLOBAL_ACCENT_COLOR_NAME = AccentColor;
				CODE_SIGN_IDENTITY = "Apple Development";
				CODE_SIGN_STYLE = Automatic;
				CURRENT_PROJECT_VERSION = 1;
				DEVELOPMENT_TEAM = 5NK9C68KNK;
				GENERATE_INFOPLIST_FILE = YES;
				INFOPLIST_FILE = Demo/Info.plist;
				INFOPLIST_KEY_UIApplicationSupportsIndirectInputEvents = YES;
				INFOPLIST_KEY_UILaunchStoryboardName = LaunchScreen;
				INFOPLIST_KEY_UISupportedInterfaceOrientations_iPad = "UIInterfaceOrientationPortrait UIInterfaceOrientationPortraitUpsideDown UIInterfaceOrientationLandscapeLeft UIInterfaceOrientationLandscapeRight";
				INFOPLIST_KEY_UISupportedInterfaceOrientations_iPhone = "UIInterfaceOrientationPortrait UIInterfaceOrientationLandscapeLeft UIInterfaceOrientationLandscapeRight";
				IPHONEOS_DEPLOYMENT_TARGET = 14.0;
				LD_RUNPATH_SEARCH_PATHS = (
					"$(inherited)",
					"@executable_path/Frameworks",
				);
				MARKETING_VERSION = 1.0.0;
				PRODUCT_BUNDLE_IDENTIFIER = com.powechi.Demo.development;
				PRODUCT_NAME = "$(TARGET_NAME)";
				PROVISIONING_PROFILE_SPECIFIER = "";
				SWIFT_EMIT_LOC_STRINGS = YES;
				SWIFT_VERSION = 5.0;
				TARGETED_DEVICE_FAMILY = 1;
				VERSIONING_SYSTEM = "apple-generic";
			};
			name = Debug;
		};
		0DABF79E28F3C852007FAD5B /* Debug */ = {
			isa = XCBuildConfiguration;
			baseConfigurationReference = FE1E8B8F870B7C9D7E381AB5 /* Pods-DemoTests.debug.xcconfig */;
			buildSettings = {
				ALWAYS_EMBED_SWIFT_STANDARD_LIBRARIES = YES;
				BUNDLE_LOADER = "$(TEST_HOST)";
				CODE_SIGN_STYLE = Automatic;
				CURRENT_PROJECT_VERSION = 1;
				DEVELOPMENT_TEAM = 5NK9C68KNK;
				GENERATE_INFOPLIST_FILE = YES;
				IPHONEOS_DEPLOYMENT_TARGET = 15.2;
				MARKETING_VERSION = 1.0;
				PRODUCT_BUNDLE_IDENTIFIER = com.powechi.DemoTests;
				PRODUCT_NAME = "$(TARGET_NAME)";
				SWIFT_EMIT_LOC_STRINGS = NO;
				SWIFT_VERSION = 5.0;
				TARGETED_DEVICE_FAMILY = "1,2";
				TEST_HOST = "$(BUILT_PRODUCTS_DIR)/Demo.app/Demo";
			};
			name = Debug;
		};
		0DABF7A128F3C852007FAD5B /* Debug */ = {
			isa = XCBuildConfiguration;
			buildSettings = {
				ALWAYS_EMBED_SWIFT_STANDARD_LIBRARIES = YES;
				CODE_SIGN_STYLE = Automatic;
				CURRENT_PROJECT_VERSION = 1;
				DEVELOPMENT_TEAM = 5NK9C68KNK;
				GENERATE_INFOPLIST_FILE = YES;
				MARKETING_VERSION = 1.0;
				PRODUCT_BUNDLE_IDENTIFIER = com.powechi.DemoUITests;
				PRODUCT_NAME = "$(TARGET_NAME)";
				SWIFT_EMIT_LOC_STRINGS = NO;
				SWIFT_VERSION = 5.0;
				TARGETED_DEVICE_FAMILY = "1,2";
				TEST_TARGET_NAME = Demo;
			};
			name = Debug;
		};
		0DABF7C428F3CA55007FAD5B /* Internal */ = {
			isa = XCBuildConfiguration;
			baseConfigurationReference = 0DABF7AE28F3CA03007FAD5B /* InternalProject.xcconfig */;
			buildSettings = {
				ALWAYS_EMBED_SWIFT_STANDARD_LIBRARIES = NO;
				ALWAYS_SEARCH_USER_PATHS = NO;
				CLANG_ANALYZER_LOCALIZABILITY_NONLOCALIZED = YES;
				CLANG_ANALYZER_NONNULL = YES;
				CLANG_ANALYZER_NUMBER_OBJECT_CONVERSION = YES_AGGRESSIVE;
				CLANG_CXX_LANGUAGE_STANDARD = "gnu++17";
				CLANG_CXX_LIBRARY = "libc++";
				CLANG_ENABLE_MODULES = YES;
				CLANG_ENABLE_OBJC_ARC = YES;
				CLANG_ENABLE_OBJC_WEAK = YES;
				CLANG_WARN_BLOCK_CAPTURE_AUTORELEASING = YES;
				CLANG_WARN_BOOL_CONVERSION = YES;
				CLANG_WARN_COMMA = YES;
				CLANG_WARN_CONSTANT_CONVERSION = YES;
				CLANG_WARN_DEPRECATED_OBJC_IMPLEMENTATIONS = YES;
				CLANG_WARN_DIRECT_OBJC_ISA_USAGE = YES_ERROR;
				CLANG_WARN_DOCUMENTATION_COMMENTS = YES;
				CLANG_WARN_EMPTY_BODY = YES;
				CLANG_WARN_ENUM_CONVERSION = YES;
				CLANG_WARN_INFINITE_RECURSION = YES;
				CLANG_WARN_INT_CONVERSION = YES;
				CLANG_WARN_NON_LITERAL_NULL_CONVERSION = YES;
				CLANG_WARN_OBJC_IMPLICIT_RETAIN_SELF = YES;
				CLANG_WARN_OBJC_LITERAL_CONVERSION = YES;
				CLANG_WARN_OBJC_ROOT_CLASS = YES_ERROR;
				CLANG_WARN_QUOTED_INCLUDE_IN_FRAMEWORK_HEADER = YES;
				CLANG_WARN_RANGE_LOOP_ANALYSIS = YES;
				CLANG_WARN_STRICT_PROTOTYPES = YES;
				CLANG_WARN_SUSPICIOUS_MOVE = YES;
				CLANG_WARN_UNGUARDED_AVAILABILITY = YES_AGGRESSIVE;
				CLANG_WARN_UNREACHABLE_CODE = YES;
				CLANG_WARN__DUPLICATE_METHOD_MATCH = YES;
				COPY_PHASE_STRIP = NO;
				DEBUG_INFORMATION_FORMAT = "dwarf-with-dsym";
				ENABLE_NS_ASSERTIONS = NO;
				ENABLE_STRICT_OBJC_MSGSEND = YES;
				GCC_C_LANGUAGE_STANDARD = gnu11;
				GCC_NO_COMMON_BLOCKS = YES;
				GCC_WARN_64_TO_32_BIT_CONVERSION = YES;
				GCC_WARN_ABOUT_RETURN_TYPE = YES_ERROR;
				GCC_WARN_UNDECLARED_SELECTOR = YES;
				GCC_WARN_UNINITIALIZED_AUTOS = YES_AGGRESSIVE;
				GCC_WARN_UNUSED_FUNCTION = YES;
				GCC_WARN_UNUSED_VARIABLE = YES;
				IPHONEOS_DEPLOYMENT_TARGET = 14.0;
				MTL_ENABLE_DEBUG_INFO = NO;
				MTL_FAST_MATH = YES;
				SDKROOT = iphoneos;
				SWIFT_COMPILATION_MODE = wholemodule;
				SWIFT_OPTIMIZATION_LEVEL = "-O";
				VALIDATE_PRODUCT = YES;
			};
			name = Internal;
		};
		0DABF7C528F3CA55007FAD5B /* Internal */ = {
			isa = XCBuildConfiguration;
			baseConfigurationReference = 0DABF7A728F3CA03007FAD5B /* InternalTarget.xcconfig */;
			buildSettings = {
				ASSETCATALOG_COMPILER_APPICON_NAME = AppIcon;
				ASSETCATALOG_COMPILER_GLOBAL_ACCENT_COLOR_NAME = AccentColor;
				CODE_SIGN_IDENTITY = "Apple Development";
				CODE_SIGN_STYLE = Automatic;
				CURRENT_PROJECT_VERSION = 1;
				DEVELOPMENT_TEAM = 5NK9C68KNK;
				GENERATE_INFOPLIST_FILE = YES;
				INFOPLIST_FILE = Demo/Info.plist;
				INFOPLIST_KEY_UIApplicationSupportsIndirectInputEvents = YES;
				INFOPLIST_KEY_UILaunchStoryboardName = LaunchScreen;
				INFOPLIST_KEY_UISupportedInterfaceOrientations_iPad = "UIInterfaceOrientationPortrait UIInterfaceOrientationPortraitUpsideDown UIInterfaceOrientationLandscapeLeft UIInterfaceOrientationLandscapeRight";
				INFOPLIST_KEY_UISupportedInterfaceOrientations_iPhone = "UIInterfaceOrientationPortrait UIInterfaceOrientationLandscapeLeft UIInterfaceOrientationLandscapeRight";
				IPHONEOS_DEPLOYMENT_TARGET = 14.0;
				LD_RUNPATH_SEARCH_PATHS = (
					"$(inherited)",
					"@executable_path/Frameworks",
				);
				MARKETING_VERSION = 1.0.0;
				PRODUCT_BUNDLE_IDENTIFIER = com.powechi.Demo.internal;
				PRODUCT_NAME = "$(TARGET_NAME)";
				PROVISIONING_PROFILE_SPECIFIER = "";
				SWIFT_EMIT_LOC_STRINGS = YES;
				SWIFT_VERSION = 5.0;
				TARGETED_DEVICE_FAMILY = 1;
				VERSIONING_SYSTEM = "apple-generic";
			};
			name = Internal;
		};
		0DABF7C628F3CA55007FAD5B /* Internal */ = {
			isa = XCBuildConfiguration;
			baseConfigurationReference = 283F6E916AD6E28693364CFE /* Pods-DemoTests.internal.xcconfig */;
			buildSettings = {
				ALWAYS_EMBED_SWIFT_STANDARD_LIBRARIES = YES;
				BUNDLE_LOADER = "$(TEST_HOST)";
				CODE_SIGN_STYLE = Automatic;
				CURRENT_PROJECT_VERSION = 1;
				DEVELOPMENT_TEAM = 5NK9C68KNK;
				GENERATE_INFOPLIST_FILE = YES;
				IPHONEOS_DEPLOYMENT_TARGET = 15.2;
				MARKETING_VERSION = 1.0;
				PRODUCT_BUNDLE_IDENTIFIER = com.powechi.DemoTests;
				PRODUCT_NAME = "$(TARGET_NAME)";
				SWIFT_EMIT_LOC_STRINGS = NO;
				SWIFT_VERSION = 5.0;
				TARGETED_DEVICE_FAMILY = "1,2";
				TEST_HOST = "$(BUILT_PRODUCTS_DIR)/Demo.app/Demo";
			};
			name = Internal;
		};
		0DABF7C728F3CA55007FAD5B /* Internal */ = {
			isa = XCBuildConfiguration;
			buildSettings = {
				ALWAYS_EMBED_SWIFT_STANDARD_LIBRARIES = YES;
				CODE_SIGN_STYLE = Automatic;
				CURRENT_PROJECT_VERSION = 1;
				DEVELOPMENT_TEAM = 5NK9C68KNK;
				GENERATE_INFOPLIST_FILE = YES;
				MARKETING_VERSION = 1.0;
				PRODUCT_BUNDLE_IDENTIFIER = com.powechi.DemoUITests;
				PRODUCT_NAME = "$(TARGET_NAME)";
				SWIFT_EMIT_LOC_STRINGS = NO;
				SWIFT_VERSION = 5.0;
				TARGETED_DEVICE_FAMILY = "1,2";
				TEST_TARGET_NAME = Demo;
			};
			name = Internal;
		};
		0DABF7C828F3CB2D007FAD5B /* AppStore */ = {
			isa = XCBuildConfiguration;
			baseConfigurationReference = 0DABF7AF28F3CA03007FAD5B /* AppStoreProject.xcconfig */;
			buildSettings = {
				ALWAYS_EMBED_SWIFT_STANDARD_LIBRARIES = NO;
				ALWAYS_SEARCH_USER_PATHS = NO;
				CLANG_ANALYZER_LOCALIZABILITY_NONLOCALIZED = YES;
				CLANG_ANALYZER_NONNULL = YES;
				CLANG_ANALYZER_NUMBER_OBJECT_CONVERSION = YES_AGGRESSIVE;
				CLANG_CXX_LANGUAGE_STANDARD = "gnu++17";
				CLANG_CXX_LIBRARY = "libc++";
				CLANG_ENABLE_MODULES = YES;
				CLANG_ENABLE_OBJC_ARC = YES;
				CLANG_ENABLE_OBJC_WEAK = YES;
				CLANG_WARN_BLOCK_CAPTURE_AUTORELEASING = YES;
				CLANG_WARN_BOOL_CONVERSION = YES;
				CLANG_WARN_COMMA = YES;
				CLANG_WARN_CONSTANT_CONVERSION = YES;
				CLANG_WARN_DEPRECATED_OBJC_IMPLEMENTATIONS = YES;
				CLANG_WARN_DIRECT_OBJC_ISA_USAGE = YES_ERROR;
				CLANG_WARN_DOCUMENTATION_COMMENTS = YES;
				CLANG_WARN_EMPTY_BODY = YES;
				CLANG_WARN_ENUM_CONVERSION = YES;
				CLANG_WARN_INFINITE_RECURSION = YES;
				CLANG_WARN_INT_CONVERSION = YES;
				CLANG_WARN_NON_LITERAL_NULL_CONVERSION = YES;
				CLANG_WARN_OBJC_IMPLICIT_RETAIN_SELF = YES;
				CLANG_WARN_OBJC_LITERAL_CONVERSION = YES;
				CLANG_WARN_OBJC_ROOT_CLASS = YES_ERROR;
				CLANG_WARN_QUOTED_INCLUDE_IN_FRAMEWORK_HEADER = YES;
				CLANG_WARN_RANGE_LOOP_ANALYSIS = YES;
				CLANG_WARN_STRICT_PROTOTYPES = YES;
				CLANG_WARN_SUSPICIOUS_MOVE = YES;
				CLANG_WARN_UNGUARDED_AVAILABILITY = YES_AGGRESSIVE;
				CLANG_WARN_UNREACHABLE_CODE = YES;
				CLANG_WARN__DUPLICATE_METHOD_MATCH = YES;
				COPY_PHASE_STRIP = NO;
				DEBUG_INFORMATION_FORMAT = "dwarf-with-dsym";
				ENABLE_NS_ASSERTIONS = NO;
				ENABLE_STRICT_OBJC_MSGSEND = YES;
				GCC_C_LANGUAGE_STANDARD = gnu11;
				GCC_NO_COMMON_BLOCKS = YES;
				GCC_WARN_64_TO_32_BIT_CONVERSION = YES;
				GCC_WARN_ABOUT_RETURN_TYPE = YES_ERROR;
				GCC_WARN_UNDECLARED_SELECTOR = YES;
				GCC_WARN_UNINITIALIZED_AUTOS = YES_AGGRESSIVE;
				GCC_WARN_UNUSED_FUNCTION = YES;
				GCC_WARN_UNUSED_VARIABLE = YES;
				IPHONEOS_DEPLOYMENT_TARGET = 14.0;
				MTL_ENABLE_DEBUG_INFO = NO;
				MTL_FAST_MATH = YES;
				SDKROOT = iphoneos;
				SWIFT_COMPILATION_MODE = wholemodule;
				SWIFT_OPTIMIZATION_LEVEL = "-O";
				VALIDATE_PRODUCT = YES;
			};
			name = AppStore;
		};
		0DABF7C928F3CB2D007FAD5B /* AppStore */ = {
			isa = XCBuildConfiguration;
			baseConfigurationReference = 0DABF7A528F3CA03007FAD5B /* AppStoreTarget.xcconfig */;
			buildSettings = {
				ASSETCATALOG_COMPILER_APPICON_NAME = AppIcon;
				ASSETCATALOG_COMPILER_GLOBAL_ACCENT_COLOR_NAME = AccentColor;
				CODE_SIGN_IDENTITY = "Apple Development";
				CODE_SIGN_STYLE = Automatic;
				CURRENT_PROJECT_VERSION = 1;
				DEVELOPMENT_TEAM = 5NK9C68KNK;
				GENERATE_INFOPLIST_FILE = YES;
				INFOPLIST_FILE = Demo/Info.plist;
				INFOPLIST_KEY_UIApplicationSupportsIndirectInputEvents = YES;
				INFOPLIST_KEY_UILaunchStoryboardName = LaunchScreen;
				INFOPLIST_KEY_UISupportedInterfaceOrientations_iPad = "UIInterfaceOrientationPortrait UIInterfaceOrientationPortraitUpsideDown UIInterfaceOrientationLandscapeLeft UIInterfaceOrientationLandscapeRight";
				INFOPLIST_KEY_UISupportedInterfaceOrientations_iPhone = "UIInterfaceOrientationPortrait UIInterfaceOrientationLandscapeLeft UIInterfaceOrientationLandscapeRight";
				IPHONEOS_DEPLOYMENT_TARGET = 14.0;
				LD_RUNPATH_SEARCH_PATHS = (
					"$(inherited)",
					"@executable_path/Frameworks",
				);
				MARKETING_VERSION = 1.0.0;
				PRODUCT_BUNDLE_IDENTIFIER = com.powechi.Demo;
				PRODUCT_NAME = "$(TARGET_NAME)";
				PROVISIONING_PROFILE_SPECIFIER = "";
				SWIFT_EMIT_LOC_STRINGS = YES;
				SWIFT_VERSION = 5.0;
				TARGETED_DEVICE_FAMILY = 1;
				VERSIONING_SYSTEM = "apple-generic";
			};
			name = AppStore;
		};
		0DABF7CA28F3CB2D007FAD5B /* AppStore */ = {
			isa = XCBuildConfiguration;
			baseConfigurationReference = 96681D143F21F9D55C012142 /* Pods-DemoTests.appstore.xcconfig */;
			buildSettings = {
				ALWAYS_EMBED_SWIFT_STANDARD_LIBRARIES = YES;
				BUNDLE_LOADER = "$(TEST_HOST)";
				CODE_SIGN_STYLE = Automatic;
				CURRENT_PROJECT_VERSION = 1;
				DEVELOPMENT_TEAM = 5NK9C68KNK;
				GENERATE_INFOPLIST_FILE = YES;
				IPHONEOS_DEPLOYMENT_TARGET = 15.2;
				MARKETING_VERSION = 1.0;
				PRODUCT_BUNDLE_IDENTIFIER = com.powechi.DemoTests;
				PRODUCT_NAME = "$(TARGET_NAME)";
				SWIFT_EMIT_LOC_STRINGS = NO;
				SWIFT_VERSION = 5.0;
				TARGETED_DEVICE_FAMILY = "1,2";
				TEST_HOST = "$(BUILT_PRODUCTS_DIR)/Demo.app/Demo";
			};
			name = AppStore;
		};
		0DABF7CB28F3CB2D007FAD5B /* AppStore */ = {
			isa = XCBuildConfiguration;
			buildSettings = {
				ALWAYS_EMBED_SWIFT_STANDARD_LIBRARIES = YES;
				CODE_SIGN_STYLE = Automatic;
				CURRENT_PROJECT_VERSION = 1;
				DEVELOPMENT_TEAM = 5NK9C68KNK;
				GENERATE_INFOPLIST_FILE = YES;
				MARKETING_VERSION = 1.0;
				PRODUCT_BUNDLE_IDENTIFIER = com.powechi.DemoUITests;
				PRODUCT_NAME = "$(TARGET_NAME)";
				SWIFT_EMIT_LOC_STRINGS = NO;
				SWIFT_VERSION = 5.0;
				TARGETED_DEVICE_FAMILY = "1,2";
				TEST_TARGET_NAME = Demo;
			};
			name = AppStore;
		};
/* End XCBuildConfiguration section */

/* Begin XCConfigurationList section */
		0DABF76B28F3C84D007FAD5B /* Build configuration list for PBXProject "Demo" */ = {
			isa = XCConfigurationList;
			buildConfigurations = (
				0DABF79828F3C852007FAD5B /* Debug */,
				0DABF7C428F3CA55007FAD5B /* Internal */,
				0DABF7C828F3CB2D007FAD5B /* AppStore */,
			);
			defaultConfigurationIsVisible = 0;
			defaultConfigurationName = Debug;
		};
		0DABF79A28F3C852007FAD5B /* Build configuration list for PBXNativeTarget "Demo" */ = {
			isa = XCConfigurationList;
			buildConfigurations = (
				0DABF79B28F3C852007FAD5B /* Debug */,
				0DABF7C528F3CA55007FAD5B /* Internal */,
				0DABF7C928F3CB2D007FAD5B /* AppStore */,
			);
			defaultConfigurationIsVisible = 0;
			defaultConfigurationName = Debug;
		};
		0DABF79D28F3C852007FAD5B /* Build configuration list for PBXNativeTarget "DemoTests" */ = {
			isa = XCConfigurationList;
			buildConfigurations = (
				0DABF79E28F3C852007FAD5B /* Debug */,
				0DABF7C628F3CA55007FAD5B /* Internal */,
				0DABF7CA28F3CB2D007FAD5B /* AppStore */,
			);
			defaultConfigurationIsVisible = 0;
			defaultConfigurationName = Debug;
		};
		0DABF7A028F3C852007FAD5B /* Build configuration list for PBXNativeTarget "DemoUITests" */ = {
			isa = XCConfigurationList;
			buildConfigurations = (
				0DABF7A128F3C852007FAD5B /* Debug */,
				0DABF7C728F3CA55007FAD5B /* Internal */,
				0DABF7CB28F3CB2D007FAD5B /* AppStore */,
			);
			defaultConfigurationIsVisible = 0;
			defaultConfigurationName = Debug;
		};
/* End XCConfigurationList section */
	};
	rootObject = 0DABF76828F3C84D007FAD5B /* Project object */;
}
